// !$*UTF8*$!
{
	archiveVersion = 1;
	classes = {
	};
	objectVersion = 46;
	objects = {

/* Begin PBXBuildFile section */
		D80C0FEF1A9CBFFD00CEBB60 /* AppDelegate.swift in Sources */ = {isa = PBXBuildFile; fileRef = D80C0FEE1A9CBFFD00CEBB60 /* AppDelegate.swift */; };
		D80C0FF21A9CBFFD00CEBB60 /* CoreList.xcdatamodeld in Sources */ = {isa = PBXBuildFile; fileRef = D80C0FF01A9CBFFD00CEBB60 /* CoreList.xcdatamodeld */; };
		D80C0FF41A9CBFFD00CEBB60 /* ViewController.swift in Sources */ = {isa = PBXBuildFile; fileRef = D80C0FF31A9CBFFD00CEBB60 /* ViewController.swift */; };
		D80C0FF71A9CBFFD00CEBB60 /* Main.storyboard in Resources */ = {isa = PBXBuildFile; fileRef = D80C0FF51A9CBFFD00CEBB60 /* Main.storyboard */; };
		D80C0FF91A9CBFFD00CEBB60 /* Images.xcassets in Resources */ = {isa = PBXBuildFile; fileRef = D80C0FF81A9CBFFD00CEBB60 /* Images.xcassets */; };
		D80C0FFC1A9CBFFD00CEBB60 /* LaunchScreen.xib in Resources */ = {isa = PBXBuildFile; fileRef = D80C0FFA1A9CBFFD00CEBB60 /* LaunchScreen.xib */; };
		D80C10081A9CBFFD00CEBB60 /* CoreListTests.swift in Sources */ = {isa = PBXBuildFile; fileRef = D80C10071A9CBFFD00CEBB60 /* CoreListTests.swift */; };
		D80C10121A9CD3AA00CEBB60 /* TableViewController.swift in Sources */ = {isa = PBXBuildFile; fileRef = D80C10111A9CD3AA00CEBB60 /* TableViewController.swift */; };
		D80C10141A9D267200CEBB60 /* ItemTableViewCell.swift in Sources */ = {isa = PBXBuildFile; fileRef = D80C10131A9D267200CEBB60 /* ItemTableViewCell.swift */; };
		D80C10161A9D38A700CEBB60 /* SettingsViewController.swift in Sources */ = {isa = PBXBuildFile; fileRef = D80C10151A9D38A700CEBB60 /* SettingsViewController.swift */; };
/* End PBXBuildFile section */

/* Begin PBXContainerItemProxy section */
		D80C10021A9CBFFD00CEBB60 /* PBXContainerItemProxy */ = {
			isa = PBXContainerItemProxy;
			containerPortal = D80C0FE11A9CBFFD00CEBB60 /* Project object */;
			proxyType = 1;
			remoteGlobalIDString = D80C0FE81A9CBFFD00CEBB60;
			remoteInfo = CoreList;
		};
/* End PBXContainerItemProxy section */

/* Begin PBXFileReference section */
		D80C0FE91A9CBFFD00CEBB60 /* CoreList.app */ = {isa = PBXFileReference; explicitFileType = wrapper.application; includeInIndex = 0; path = CoreList.app; sourceTree = BUILT_PRODUCTS_DIR; };
		D80C0FED1A9CBFFD00CEBB60 /* Info.plist */ = {isa = PBXFileReference; lastKnownFileType = text.plist.xml; path = Info.plist; sourceTree = "<group>"; };
		D80C0FEE1A9CBFFD00CEBB60 /* AppDelegate.swift */ = {isa = PBXFileReference; lastKnownFileType = sourcecode.swift; path = AppDelegate.swift; sourceTree = "<group>"; };
		D80C0FF11A9CBFFD00CEBB60 /* CoreList.xcdatamodel */ = {isa = PBXFileReference; lastKnownFileType = wrapper.xcdatamodel; path = CoreList.xcdatamodel; sourceTree = "<group>"; };
		D80C0FF31A9CBFFD00CEBB60 /* ViewController.swift */ = {isa = PBXFileReference; lastKnownFileType = sourcecode.swift; path = ViewController.swift; sourceTree = "<group>"; };
		D80C0FF61A9CBFFD00CEBB60 /* Base */ = {isa = PBXFileReference; lastKnownFileType = file.storyboard; name = Base; path = Base.lproj/Main.storyboard; sourceTree = "<group>"; };
		D80C0FF81A9CBFFD00CEBB60 /* Images.xcassets */ = {isa = PBXFileReference; lastKnownFileType = folder.assetcatalog; path = Images.xcassets; sourceTree = "<group>"; };
		D80C0FFB1A9CBFFD00CEBB60 /* Base */ = {isa = PBXFileReference; lastKnownFileType = file.xib; name = Base; path = Base.lproj/LaunchScreen.xib; sourceTree = "<group>"; };
		D80C10011A9CBFFD00CEBB60 /* CoreListTests.xctest */ = {isa = PBXFileReference; explicitFileType = wrapper.cfbundle; includeInIndex = 0; path = CoreListTests.xctest; sourceTree = BUILT_PRODUCTS_DIR; };
		D80C10061A9CBFFD00CEBB60 /* Info.plist */ = {isa = PBXFileReference; lastKnownFileType = text.plist.xml; path = Info.plist; sourceTree = "<group>"; };
		D80C10071A9CBFFD00CEBB60 /* CoreListTests.swift */ = {isa = PBXFileReference; lastKnownFileType = sourcecode.swift; path = CoreListTests.swift; sourceTree = "<group>"; };
		D80C10111A9CD3AA00CEBB60 /* TableViewController.swift */ = {isa = PBXFileReference; fileEncoding = 4; lastKnownFileType = sourcecode.swift; path = TableViewController.swift; sourceTree = "<group>"; };
		D80C10131A9D267200CEBB60 /* ItemTableViewCell.swift */ = {isa = PBXFileReference; fileEncoding = 4; lastKnownFileType = sourcecode.swift; path = ItemTableViewCell.swift; sourceTree = "<group>"; };
		D80C10151A9D38A700CEBB60 /* SettingsViewController.swift */ = {isa = PBXFileReference; fileEncoding = 4; lastKnownFileType = sourcecode.swift; path = SettingsViewController.swift; sourceTree = "<group>"; };
/* End PBXFileReference section */

/* Begin PBXFrameworksBuildPhase section */
		D80C0FE61A9CBFFD00CEBB60 /* Frameworks */ = {
			isa = PBXFrameworksBuildPhase;
			buildActionMask = 2147483647;
			files = (
			);
			runOnlyForDeploymentPostprocessing = 0;
		};
		D80C0FFE1A9CBFFD00CEBB60 /* Frameworks */ = {
			isa = PBXFrameworksBuildPhase;
			buildActionMask = 2147483647;
			files = (
			);
			runOnlyForDeploymentPostprocessing = 0;
		};
/* End PBXFrameworksBuildPhase section */

/* Begin PBXGroup section */
		D80C0FE01A9CBFFD00CEBB60 = {
			isa = PBXGroup;
			children = (
				D80C0FEB1A9CBFFD00CEBB60 /* CoreList */,
				D80C10041A9CBFFD00CEBB60 /* CoreListTests */,
				D80C0FEA1A9CBFFD00CEBB60 /* Products */,
			);
			sourceTree = "<group>";
		};
		D80C0FEA1A9CBFFD00CEBB60 /* Products */ = {
			isa = PBXGroup;
			children = (
				D80C0FE91A9CBFFD00CEBB60 /* CoreList.app */,
				D80C10011A9CBFFD00CEBB60 /* CoreListTests.xctest */,
			);
			name = Products;
			sourceTree = "<group>";
		};
		D80C0FEB1A9CBFFD00CEBB60 /* CoreList */ = {
			isa = PBXGroup;
			children = (
				D80C0FEE1A9CBFFD00CEBB60 /* AppDelegate.swift */,
				D80C0FF31A9CBFFD00CEBB60 /* ViewController.swift */,
				D80C10111A9CD3AA00CEBB60 /* TableViewController.swift */,
				D80C10131A9D267200CEBB60 /* ItemTableViewCell.swift */,
				D80C10151A9D38A700CEBB60 /* SettingsViewController.swift */,
				D80C0FF51A9CBFFD00CEBB60 /* Main.storyboard */,
				D80C0FF81A9CBFFD00CEBB60 /* Images.xcassets */,
				D80C0FFA1A9CBFFD00CEBB60 /* LaunchScreen.xib */,
				D80C0FF01A9CBFFD00CEBB60 /* CoreList.xcdatamodeld */,
				D80C0FEC1A9CBFFD00CEBB60 /* Supporting Files */,
			);
			path = CoreList;
			sourceTree = "<group>";
		};
		D80C0FEC1A9CBFFD00CEBB60 /* Supporting Files */ = {
			isa = PBXGroup;
			children = (
				D80C0FED1A9CBFFD00CEBB60 /* Info.plist */,
			);
			name = "Supporting Files";
			sourceTree = "<group>";
		};
		D80C10041A9CBFFD00CEBB60 /* CoreListTests */ = {
			isa = PBXGroup;
			children = (
				D80C10071A9CBFFD00CEBB60 /* CoreListTests.swift */,
				D80C10051A9CBFFD00CEBB60 /* Supporting Files */,
			);
			path = CoreListTests;
			sourceTree = "<group>";
		};
		D80C10051A9CBFFD00CEBB60 /* Supporting Files */ = {
			isa = PBXGroup;
			children = (
				D80C10061A9CBFFD00CEBB60 /* Info.plist */,
			);
			name = "Supporting Files";
			sourceTree = "<group>";
		};
/* End PBXGroup section */

/* Begin PBXNativeTarget section */
		D80C0FE81A9CBFFD00CEBB60 /* CoreList */ = {
			isa = PBXNativeTarget;
			buildConfigurationList = D80C100B1A9CBFFD00CEBB60 /* Build configuration list for PBXNativeTarget "CoreList" */;
			buildPhases = (
				D80C0FE51A9CBFFD00CEBB60 /* Sources */,
				D80C0FE61A9CBFFD00CEBB60 /* Frameworks */,
				D80C0FE71A9CBFFD00CEBB60 /* Resources */,
			);
			buildRules = (
			);
			dependencies = (
			);
			name = CoreList;
			productName = CoreList;
			productReference = D80C0FE91A9CBFFD00CEBB60 /* CoreList.app */;
			productType = "com.apple.product-type.application";
		};
		D80C10001A9CBFFD00CEBB60 /* CoreListTests */ = {
			isa = PBXNativeTarget;
			buildConfigurationList = D80C100E1A9CBFFD00CEBB60 /* Build configuration list for PBXNativeTarget "CoreListTests" */;
			buildPhases = (
				D80C0FFD1A9CBFFD00CEBB60 /* Sources */,
				D80C0FFE1A9CBFFD00CEBB60 /* Frameworks */,
				D80C0FFF1A9CBFFD00CEBB60 /* Resources */,
			);
			buildRules = (
			);
			dependencies = (
				D80C10031A9CBFFD00CEBB60 /* PBXTargetDependency */,
			);
			name = CoreListTests;
			productName = CoreListTests;
			productReference = D80C10011A9CBFFD00CEBB60 /* CoreListTests.xctest */;
			productType = "com.apple.product-type.bundle.unit-test";
		};
/* End PBXNativeTarget section */

/* Begin PBXProject section */
		D80C0FE11A9CBFFD00CEBB60 /* Project object */ = {
			isa = PBXProject;
			attributes = {
				LastUpgradeCheck = 0610;
				ORGANIZATIONNAME = "Max McChesney";
				TargetAttributes = {
					D80C0FE81A9CBFFD00CEBB60 = {
						CreatedOnToolsVersion = 6.1.1;
					};
					D80C10001A9CBFFD00CEBB60 = {
						CreatedOnToolsVersion = 6.1.1;
						TestTargetID = D80C0FE81A9CBFFD00CEBB60;
					};
				};
			};
			buildConfigurationList = D80C0FE41A9CBFFD00CEBB60 /* Build configuration list for PBXProject "CoreList" */;
			compatibilityVersion = "Xcode 3.2";
			developmentRegion = English;
			hasScannedForEncodings = 0;
			knownRegions = (
				en,
				Base,
			);
			mainGroup = D80C0FE01A9CBFFD00CEBB60;
			productRefGroup = D80C0FEA1A9CBFFD00CEBB60 /* Products */;
			projectDirPath = "";
			projectRoot = "";
			targets = (
				D80C0FE81A9CBFFD00CEBB60 /* CoreList */,
				D80C10001A9CBFFD00CEBB60 /* CoreListTests */,
			);
		};
/* End PBXProject section */

/* Begin PBXResourcesBuildPhase section */
		D80C0FE71A9CBFFD00CEBB60 /* Resources */ = {
			isa = PBXResourcesBuildPhase;
			buildActionMask = 2147483647;
			files = (
				D80C0FF71A9CBFFD00CEBB60 /* Main.storyboard in Resources */,
				D80C0FFC1A9CBFFD00CEBB60 /* LaunchScreen.xib in Resources */,
				D80C0FF91A9CBFFD00CEBB60 /* Images.xcassets in Resources */,
			);
			runOnlyForDeploymentPostprocessing = 0;
		};
		D80C0FFF1A9CBFFD00CEBB60 /* Resources */ = {
			isa = PBXResourcesBuildPhase;
			buildActionMask = 2147483647;
			files = (
			);
			runOnlyForDeploymentPostprocessing = 0;
		};
/* End PBXResourcesBuildPhase section */

/* Begin PBXSourcesBuildPhase section */
		D80C0FE51A9CBFFD00CEBB60 /* Sources */ = {
			isa = PBXSourcesBuildPhase;
			buildActionMask = 2147483647;
			files = (
				D80C0FF41A9CBFFD00CEBB60 /* ViewController.swift in Sources */,
				D80C0FF21A9CBFFD00CEBB60 /* CoreList.xcdatamodeld in Sources */,
				D80C10141A9D267200CEBB60 /* ItemTableViewCell.swift in Sources */,
				D80C0FEF1A9CBFFD00CEBB60 /* AppDelegate.swift in Sources */,
				D80C10121A9CD3AA00CEBB60 /* TableViewController.swift in Sources */,
				D80C10161A9D38A700CEBB60 /* SettingsViewController.swift in Sources */,
			);
			runOnlyForDeploymentPostprocessing = 0;
		};
		D80C0FFD1A9CBFFD00CEBB60 /* Sources */ = {
			isa = PBXSourcesBuildPhase;
			buildActionMask = 2147483647;
			files = (
				D80C10081A9CBFFD00CEBB60 /* CoreListTests.swift in Sources */,
			);
			runOnlyForDeploymentPostprocessing = 0;
		};
/* End PBXSourcesBuildPhase section */

/* Begin PBXTargetDependency section */
		D80C10031A9CBFFD00CEBB60 /* PBXTargetDependency */ = {
			isa = PBXTargetDependency;
			target = D80C0FE81A9CBFFD00CEBB60 /* CoreList */;
			targetProxy = D80C10021A9CBFFD00CEBB60 /* PBXContainerItemProxy */;
		};
/* End PBXTargetDependency section */

/* Begin PBXVariantGroup section */
		D80C0FF51A9CBFFD00CEBB60 /* Main.storyboard */ = {
			isa = PBXVariantGroup;
			children = (
				D80C0FF61A9CBFFD00CEBB60 /* Base */,
			);
			name = Main.storyboard;
			sourceTree = "<group>";
		};
		D80C0FFA1A9CBFFD00CEBB60 /* LaunchScreen.xib */ = {
			isa = PBXVariantGroup;
			children = (
				D80C0FFB1A9CBFFD00CEBB60 /* Base */,
			);
			name = LaunchScreen.xib;
			sourceTree = "<group>";
		};
/* End PBXVariantGroup section */

/* Begin XCBuildConfiguration section */
		D80C10091A9CBFFD00CEBB60 /* Debug */ = {
			isa = XCBuildConfiguration;
			buildSettings = {
				ALWAYS_SEARCH_USER_PATHS = NO;
				CLANG_CXX_LANGUAGE_STANDARD = "gnu++0x";
				CLANG_CXX_LIBRARY = "libc++";
				CLANG_ENABLE_MODULES = YES;
				CLANG_ENABLE_OBJC_ARC = YES;
				CLANG_WARN_BOOL_CONVERSION = YES;
				CLANG_WARN_CONSTANT_CONVERSION = YES;
				CLANG_WARN_DIRECT_OBJC_ISA_USAGE = YES_ERROR;
				CLANG_WARN_EMPTY_BODY = YES;
				CLANG_WARN_ENUM_CONVERSION = YES;
				CLANG_WARN_INT_CONVERSION = YES;
				CLANG_WARN_OBJC_ROOT_CLASS = YES_ERROR;
				CLANG_WARN_UNREACHABLE_CODE = YES;
				CLANG_WARN__DUPLICATE_METHOD_MATCH = YES;
				"CODE_SIGN_IDENTITY[sdk=iphoneos*]" = "iPhone Developer";
				COPY_PHASE_STRIP = NO;
				ENABLE_STRICT_OBJC_MSGSEND = YES;
				GCC_C_LANGUAGE_STANDARD = gnu99;
				GCC_DYNAMIC_NO_PIC = NO;
				GCC_OPTIMIZATION_LEVEL = 0;
				GCC_PREPROCESSOR_DEFINITIONS = (
					"DEBUG=1",
					"$(inherited)",
				);
				GCC_SYMBOLS_PRIVATE_EXTERN = NO;
				GCC_WARN_64_TO_32_BIT_CONVERSION = YES;
				GCC_WARN_ABOUT_RETURN_TYPE = YES_ERROR;
				GCC_WARN_UNDECLARED_SELECTOR = YES;
				GCC_WARN_UNINITIALIZED_AUTOS = YES_AGGRESSIVE;
				GCC_WARN_UNUSED_FUNCTION = YES;
				GCC_WARN_UNUSED_VARIABLE = YES;
				IPHONEOS_DEPLOYMENT_TARGET = 8.1;
				MTL_ENABLE_DEBUG_INFO = YES;
				ONLY_ACTIVE_ARCH = YES;
				SDKROOT = iphoneos;
				SWIFT_OPTIMIZATION_LEVEL = "-Onone";
			};
			name = Debug;
		};
		D80C100A1A9CBFFD00CEBB60 /* Release */ = {
			isa = XCBuildConfiguration;
			buildSettings = {
				ALWAYS_SEARCH_USER_PATHS = NO;
				CLANG_CXX_LANGUAGE_STANDARD = "gnu++0x";
				CLANG_CXX_LIBRARY = "libc++";
				CLANG_ENABLE_MODULES = YES;
				CLANG_ENABLE_OBJC_ARC = YES;
				CLANG_WARN_BOOL_CONVERSION = YES;
				CLANG_WARN_CONSTANT_CONVERSION = YES;
				CLANG_WARN_DIRECT_OBJC_ISA_USAGE = YES_ERROR;
				CLANG_WARN_EMPTY_BODY = YES;
				CLANG_WARN_ENUM_CONVERSION = YES;
				CLANG_WARN_INT_CONVERSION = YES;
				CLANG_WARN_OBJC_ROOT_CLASS = YES_ERROR;
				CLANG_WARN_UNREACHABLE_CODE = YES;
				CLANG_WARN__DUPLICATE_METHOD_MATCH = YES;
				"CODE_SIGN_IDENTITY[sdk=iphoneos*]" = "iPhone Developer";
				COPY_PHASE_STRIP = YES;
				ENABLE_NS_ASSERTIONS = NO;
				ENABLE_STRICT_OBJC_MSGSEND = YES;
				GCC_C_LANGUAGE_STANDARD = gnu99;
				GCC_WARN_64_TO_32_BIT_CONVERSION = YES;
				GCC_WARN_ABOUT_RETURN_TYPE = YES_ERROR;
				GCC_WARN_UNDECLARED_SELECTOR = YES;
				GCC_WARN_UNINITIALIZED_AUTOS = YES_AGGRESSIVE;
				GCC_WARN_UNUSED_FUNCTION = YES;
				GCC_WARN_UNUSED_VARIABLE = YES;
				IPHONEOS_DEPLOYMENT_TARGET = 8.1;
				MTL_ENABLE_DEBUG_INFO = NO;
				SDKROOT = iphoneos;
				VALIDATE_PRODUCT = YES;
			};
			name = Release;
		};
		D80C100C1A9CBFFD00CEBB60 /* Debug */ = {
			isa = XCBuildConfiguration;
			buildSettings = {
				ASSETCATALOG_COMPILER_APPICON_NAME = AppIcon;
				INFOPLIST_FILE = CoreList/Info.plist;
				LD_RUNPATH_SEARCH_PATHS = "$(inherited) @executable_path/Frameworks";
				PRODUCT_NAME = "$(TARGET_NAME)";
			};
			name = Debug;
		};
		D80C100D1A9CBFFD00CEBB60 /* Release */ = {
			isa = XCBuildConfiguration;
			buildSettings = {
				ASSETCATALOG_COMPILER_APPICON_NAME = AppIcon;
				INFOPLIST_FILE = CoreList/Info.plist;
				LD_RUNPATH_SEARCH_PATHS = "$(inherited) @executable_path/Frameworks";
				PRODUCT_NAME = "$(TARGET_NAME)";
			};
			name = Release;
		};
		D80C100F1A9CBFFD00CEBB60 /* Debug */ = {
			isa = XCBuildConfiguration;
			buildSettings = {
				BUNDLE_LOADER = "$(TEST_HOST)";
				FRAMEWORK_SEARCH_PATHS = (
					"$(SDKROOT)/Developer/Library/Frameworks",
					"$(inherited)",
				);
				GCC_PREPROCESSOR_DEFINITIONS = (
					"DEBUG=1",
					"$(inherited)",
				);
				INFOPLIST_FILE = CoreListTests/Info.plist;
				LD_RUNPATH_SEARCH_PATHS = "$(inherited) @executable_path/Frameworks @loader_path/Frameworks";
				PRODUCT_NAME = "$(TARGET_NAME)";
				TEST_HOST = "$(BUILT_PRODUCTS_DIR)/CoreList.app/CoreList";
			};
			name = Debug;
		};
		D80C10101A9CBFFD00CEBB60 /* Release */ = {
			isa = XCBuildConfiguration;
			buildSettings = {
				BUNDLE_LOADER = "$(TEST_HOST)";
				FRAMEWORK_SEARCH_PATHS = (
					"$(SDKROOT)/Developer/Library/Frameworks",
					"$(inherited)",
				);
				INFOPLIST_FILE = CoreListTests/Info.plist;
				LD_RUNPATH_SEARCH_PATHS = "$(inherited) @executable_path/Frameworks @loader_path/Frameworks";
				PRODUCT_NAME = "$(TARGET_NAME)";
				TEST_HOST = "$(BUILT_PRODUCTS_DIR)/CoreList.app/CoreList";
			};
			name = Release;
		};
/* End XCBuildConfiguration section */

/* Begin XCConfigurationList section */
		D80C0FE41A9CBFFD00CEBB60 /* Build configuration list for PBXProject "CoreList" */ = {
			isa = XCConfigurationList;
			buildConfigurations = (
				D80C10091A9CBFFD00CEBB60 /* Debug */,
				D80C100A1A9CBFFD00CEBB60 /* Release */,
			);
			defaultConfigurationIsVisible = 0;
			defaultConfigurationName = Release;
		};
		D80C100B1A9CBFFD00CEBB60 /* Build configuration list for PBXNativeTarget "CoreList" */ = {
			isa = XCConfigurationList;
			buildConfigurations = (
				D80C100C1A9CBFFD00CEBB60 /* Debug */,
				D80C100D1A9CBFFD00CEBB60 /* Release */,
			);
			defaultConfigurationIsVisible = 0;
		};
		D80C100E1A9CBFFD00CEBB60 /* Build configuration list for PBXNativeTarget "CoreListTests" */ = {
			isa = XCConfigurationList;
			buildConfigurations = (
				D80C100F1A9CBFFD00CEBB60 /* Debug */,
				D80C10101A9CBFFD00CEBB60 /* Release */,
			);
			defaultConfigurationIsVisible = 0;
		};
/* End XCConfigurationList section */

/* Begin XCVersionGroup section */
		D80C0FF01A9CBFFD00CEBB60 /* CoreList.xcdatamodeld */ = {
			isa = XCVersionGroup;
			children = (
				D80C0FF11A9CBFFD00CEBB60 /* CoreList.xcdatamodel */,
			);
			currentVersion = D80C0FF11A9CBFFD00CEBB60 /* CoreList.xcdatamodel */;
			path = CoreList.xcdatamodeld;
			sourceTree = "<group>";
			versionGroupType = wrapper.xcdatamodel;
		};
/* End XCVersionGroup section */
	};
	rootObject = D80C0FE11A9CBFFD00CEBB60 /* Project object */;
}
