// !$*UTF8*$!
{
	archiveVersion = 1;
	classes = {
	};
	objectVersion = 46;
	objects = {

/* Begin PBXBuildFile section */
		D84666F01A5D7EB2004F5135 /* main.m in Sources */ = {isa = PBXBuildFile; fileRef = D84666EF1A5D7EB2004F5135 /* main.m */; };
		D84666F31A5D7EB2004F5135 /* AppDelegate.m in Sources */ = {isa = PBXBuildFile; fileRef = D84666F21A5D7EB2004F5135 /* AppDelegate.m */; };
		D84666FB1A5D7EB2004F5135 /* Images.xcassets in Resources */ = {isa = PBXBuildFile; fileRef = D84666FA1A5D7EB2004F5135 /* Images.xcassets */; };
		D84666FE1A5D7EB2004F5135 /* LaunchScreen.xib in Resources */ = {isa = PBXBuildFile; fileRef = D84666FC1A5D7EB2004F5135 /* LaunchScreen.xib */; };
		D846670A1A5D7EB2004F5135 /* ListTests.m in Sources */ = {isa = PBXBuildFile; fileRef = D84667091A5D7EB2004F5135 /* ListTests.m */; };
		D84667151A5D8385004F5135 /* ListTVC.m in Sources */ = {isa = PBXBuildFile; fileRef = D84667141A5D8385004F5135 /* ListTVC.m */; };
		D84667181A5D91A4004F5135 /* ListCell.m in Sources */ = {isa = PBXBuildFile; fileRef = D84667171A5D91A4004F5135 /* ListCell.m */; };
/* End PBXBuildFile section */

/* Begin PBXContainerItemProxy section */
		D84667041A5D7EB2004F5135 /* PBXContainerItemProxy */ = {
			isa = PBXContainerItemProxy;
			containerPortal = D84666E21A5D7EB2004F5135 /* Project object */;
			proxyType = 1;
			remoteGlobalIDString = D84666E91A5D7EB2004F5135;
			remoteInfo = List;
		};
/* End PBXContainerItemProxy section */

/* Begin PBXFileReference section */
		D84666EA1A5D7EB2004F5135 /* List.app */ = {isa = PBXFileReference; explicitFileType = wrapper.application; includeInIndex = 0; path = List.app; sourceTree = BUILT_PRODUCTS_DIR; };
		D84666EE1A5D7EB2004F5135 /* Info.plist */ = {isa = PBXFileReference; lastKnownFileType = text.plist.xml; path = Info.plist; sourceTree = "<group>"; };
		D84666EF1A5D7EB2004F5135 /* main.m */ = {isa = PBXFileReference; lastKnownFileType = sourcecode.c.objc; path = main.m; sourceTree = "<group>"; };
		D84666F11A5D7EB2004F5135 /* AppDelegate.h */ = {isa = PBXFileReference; lastKnownFileType = sourcecode.c.h; path = AppDelegate.h; sourceTree = "<group>"; };
		D84666F21A5D7EB2004F5135 /* AppDelegate.m */ = {isa = PBXFileReference; lastKnownFileType = sourcecode.c.objc; path = AppDelegate.m; sourceTree = "<group>"; };
		D84666FA1A5D7EB2004F5135 /* Images.xcassets */ = {isa = PBXFileReference; lastKnownFileType = folder.assetcatalog; path = Images.xcassets; sourceTree = "<group>"; };
		D84666FD1A5D7EB2004F5135 /* Base */ = {isa = PBXFileReference; lastKnownFileType = file.xib; name = Base; path = Base.lproj/LaunchScreen.xib; sourceTree = "<group>"; };
		D84667031A5D7EB2004F5135 /* ListTests.xctest */ = {isa = PBXFileReference; explicitFileType = wrapper.cfbundle; includeInIndex = 0; path = ListTests.xctest; sourceTree = BUILT_PRODUCTS_DIR; };
		D84667081A5D7EB2004F5135 /* Info.plist */ = {isa = PBXFileReference; lastKnownFileType = text.plist.xml; path = Info.plist; sourceTree = "<group>"; };
		D84667091A5D7EB2004F5135 /* ListTests.m */ = {isa = PBXFileReference; lastKnownFileType = sourcecode.c.objc; path = ListTests.m; sourceTree = "<group>"; };
		D84667131A5D8385004F5135 /* ListTVC.h */ = {isa = PBXFileReference; fileEncoding = 4; lastKnownFileType = sourcecode.c.h; path = ListTVC.h; sourceTree = "<group>"; };
		D84667141A5D8385004F5135 /* ListTVC.m */ = {isa = PBXFileReference; fileEncoding = 4; lastKnownFileType = sourcecode.c.objc; path = ListTVC.m; sourceTree = "<group>"; };
		D84667161A5D91A4004F5135 /* ListCell.h */ = {isa = PBXFileReference; fileEncoding = 4; lastKnownFileType = sourcecode.c.h; path = ListCell.h; sourceTree = "<group>"; };
		D84667171A5D91A4004F5135 /* ListCell.m */ = {isa = PBXFileReference; fileEncoding = 4; lastKnownFileType = sourcecode.c.objc; path = ListCell.m; sourceTree = "<group>"; };
/* End PBXFileReference section */

/* Begin PBXFrameworksBuildPhase section */
		D84666E71A5D7EB2004F5135 /* Frameworks */ = {
			isa = PBXFrameworksBuildPhase;
			buildActionMask = 2147483647;
			files = (
			);
			runOnlyForDeploymentPostprocessing = 0;
		};
		D84667001A5D7EB2004F5135 /* Frameworks */ = {
			isa = PBXFrameworksBuildPhase;
			buildActionMask = 2147483647;
			files = (
			);
			runOnlyForDeploymentPostprocessing = 0;
		};
/* End PBXFrameworksBuildPhase section */

/* Begin PBXGroup section */
		D84666E11A5D7EB2004F5135 = {
			isa = PBXGroup;
			children = (
				D84666EC1A5D7EB2004F5135 /* List */,
				D84667061A5D7EB2004F5135 /* ListTests */,
				D84666EB1A5D7EB2004F5135 /* Products */,
			);
			sourceTree = "<group>";
		};
		D84666EB1A5D7EB2004F5135 /* Products */ = {
			isa = PBXGroup;
			children = (
				D84666EA1A5D7EB2004F5135 /* List.app */,
				D84667031A5D7EB2004F5135 /* ListTests.xctest */,
			);
			name = Products;
			sourceTree = "<group>";
		};
		D84666EC1A5D7EB2004F5135 /* List */ = {
			isa = PBXGroup;
			children = (
				D84667131A5D8385004F5135 /* ListTVC.h */,
				D84667141A5D8385004F5135 /* ListTVC.m */,
				D84667161A5D91A4004F5135 /* ListCell.h */,
				D84667171A5D91A4004F5135 /* ListCell.m */,
				D84666F11A5D7EB2004F5135 /* AppDelegate.h */,
				D84666F21A5D7EB2004F5135 /* AppDelegate.m */,
				D84666ED1A5D7EB2004F5135 /* Supporting Files */,
			);
			path = List;
			sourceTree = "<group>";
		};
		D84666ED1A5D7EB2004F5135 /* Supporting Files */ = {
			isa = PBXGroup;
			children = (
				D84666FA1A5D7EB2004F5135 /* Images.xcassets */,
				D84666FC1A5D7EB2004F5135 /* LaunchScreen.xib */,
				D84666EE1A5D7EB2004F5135 /* Info.plist */,
				D84666EF1A5D7EB2004F5135 /* main.m */,
			);
			name = "Supporting Files";
			sourceTree = "<group>";
		};
		D84667061A5D7EB2004F5135 /* ListTests */ = {
			isa = PBXGroup;
			children = (
				D84667091A5D7EB2004F5135 /* ListTests.m */,
				D84667071A5D7EB2004F5135 /* Supporting Files */,
			);
			path = ListTests;
			sourceTree = "<group>";
		};
		D84667071A5D7EB2004F5135 /* Supporting Files */ = {
			isa = PBXGroup;
			children = (
				D84667081A5D7EB2004F5135 /* Info.plist */,
			);
			name = "Supporting Files";
			sourceTree = "<group>";
		};
/* End PBXGroup section */

/* Begin PBXNativeTarget section */
		D84666E91A5D7EB2004F5135 /* List */ = {
			isa = PBXNativeTarget;
			buildConfigurationList = D846670D1A5D7EB2004F5135 /* Build configuration list for PBXNativeTarget "List" */;
			buildPhases = (
				D84666E61A5D7EB2004F5135 /* Sources */,
				D84666E71A5D7EB2004F5135 /* Frameworks */,
				D84666E81A5D7EB2004F5135 /* Resources */,
			);
			buildRules = (
			);
			dependencies = (
			);
			name = List;
			productName = List;
			productReference = D84666EA1A5D7EB2004F5135 /* List.app */;
			productType = "com.apple.product-type.application";
		};
		D84667021A5D7EB2004F5135 /* ListTests */ = {
			isa = PBXNativeTarget;
			buildConfigurationList = D84667101A5D7EB2004F5135 /* Build configuration list for PBXNativeTarget "ListTests" */;
			buildPhases = (
				D84666FF1A5D7EB2004F5135 /* Sources */,
				D84667001A5D7EB2004F5135 /* Frameworks */,
				D84667011A5D7EB2004F5135 /* Resources */,
			);
			buildRules = (
			);
			dependencies = (
				D84667051A5D7EB2004F5135 /* PBXTargetDependency */,
			);
			name = ListTests;
			productName = ListTests;
			productReference = D84667031A5D7EB2004F5135 /* ListTests.xctest */;
			productType = "com.apple.product-type.bundle.unit-test";
		};
/* End PBXNativeTarget section */

/* Begin PBXProject section */
		D84666E21A5D7EB2004F5135 /* Project object */ = {
			isa = PBXProject;
			attributes = {
				LastUpgradeCheck = 0610;
				ORGANIZATIONNAME = "Max McChesney";
				TargetAttributes = {
					D84666E91A5D7EB2004F5135 = {
						CreatedOnToolsVersion = 6.1.1;
					};
					D84667021A5D7EB2004F5135 = {
						CreatedOnToolsVersion = 6.1.1;
						TestTargetID = D84666E91A5D7EB2004F5135;
					};
				};
			};
			buildConfigurationList = D84666E51A5D7EB2004F5135 /* Build configuration list for PBXProject "List" */;
			compatibilityVersion = "Xcode 3.2";
			developmentRegion = English;
			hasScannedForEncodings = 0;
			knownRegions = (
				en,
				Base,
			);
			mainGroup = D84666E11A5D7EB2004F5135;
			productRefGroup = D84666EB1A5D7EB2004F5135 /* Products */;
			projectDirPath = "";
			projectRoot = "";
			targets = (
				D84666E91A5D7EB2004F5135 /* List */,
				D84667021A5D7EB2004F5135 /* ListTests */,
			);
		};
/* End PBXProject section */

/* Begin PBXResourcesBuildPhase section */
		D84666E81A5D7EB2004F5135 /* Resources */ = {
			isa = PBXResourcesBuildPhase;
			buildActionMask = 2147483647;
			files = (
				D84666FE1A5D7EB2004F5135 /* LaunchScreen.xib in Resources */,
				D84666FB1A5D7EB2004F5135 /* Images.xcassets in Resources */,
			);
			runOnlyForDeploymentPostprocessing = 0;
		};
		D84667011A5D7EB2004F5135 /* Resources */ = {
			isa = PBXResourcesBuildPhase;
			buildActionMask = 2147483647;
			files = (
			);
			runOnlyForDeploymentPostprocessing = 0;
		};
/* End PBXResourcesBuildPhase section */

/* Begin PBXSourcesBuildPhase section */
		D84666E61A5D7EB2004F5135 /* Sources */ = {
			isa = PBXSourcesBuildPhase;
			buildActionMask = 2147483647;
			files = (
				D84667151A5D8385004F5135 /* ListTVC.m in Sources */,
				D84667181A5D91A4004F5135 /* ListCell.m in Sources */,
				D84666F31A5D7EB2004F5135 /* AppDelegate.m in Sources */,
				D84666F01A5D7EB2004F5135 /* main.m in Sources */,
			);
			runOnlyForDeploymentPostprocessing = 0;
		};
		D84666FF1A5D7EB2004F5135 /* Sources */ = {
			isa = PBXSourcesBuildPhase;
			buildActionMask = 2147483647;
			files = (
				D846670A1A5D7EB2004F5135 /* ListTests.m in Sources */,
			);
			runOnlyForDeploymentPostprocessing = 0;
		};
/* End PBXSourcesBuildPhase section */

/* Begin PBXTargetDependency section */
		D84667051A5D7EB2004F5135 /* PBXTargetDependency */ = {
			isa = PBXTargetDependency;
			target = D84666E91A5D7EB2004F5135 /* List */;
			targetProxy = D84667041A5D7EB2004F5135 /* PBXContainerItemProxy */;
		};
/* End PBXTargetDependency section */

/* Begin PBXVariantGroup section */
		D84666FC1A5D7EB2004F5135 /* LaunchScreen.xib */ = {
			isa = PBXVariantGroup;
			children = (
				D84666FD1A5D7EB2004F5135 /* Base */,
			);
			name = LaunchScreen.xib;
			sourceTree = "<group>";
		};
/* End PBXVariantGroup section */

/* Begin XCBuildConfiguration section */
		D846670B1A5D7EB2004F5135 /* Debug */ = {
			isa = XCBuildConfiguration;
			buildSettings = {
				ALWAYS_SEARCH_USER_PATHS = NO;
				CLANG_CXX_LANGUAGE_STANDARD = "gnu++0x";
				CLANG_CXX_LIBRARY = "libc++";
				CLANG_ENABLE_MODULES = YES;
				CLANG_ENABLE_OBJC_ARC = YES;
				CLANG_WARN_BOOL_CONVERSION = YES;
				CLANG_WARN_CONSTANT_CONVERSION = YES;
				CLANG_WARN_DIRECT_OBJC_ISA_USAGE = YES_ERROR;
				CLANG_WARN_EMPTY_BODY = YES;
				CLANG_WARN_ENUM_CONVERSION = YES;
				CLANG_WARN_INT_CONVERSION = YES;
				CLANG_WARN_OBJC_ROOT_CLASS = YES_ERROR;
				CLANG_WARN_UNREACHABLE_CODE = YES;
				CLANG_WARN__DUPLICATE_METHOD_MATCH = YES;
				"CODE_SIGN_IDENTITY[sdk=iphoneos*]" = "iPhone Developer";
				COPY_PHASE_STRIP = NO;
				ENABLE_STRICT_OBJC_MSGSEND = YES;
				GCC_C_LANGUAGE_STANDARD = gnu99;
				GCC_DYNAMIC_NO_PIC = NO;
				GCC_OPTIMIZATION_LEVEL = 0;
				GCC_PREPROCESSOR_DEFINITIONS = (
					"DEBUG=1",
					"$(inherited)",
				);
				GCC_SYMBOLS_PRIVATE_EXTERN = NO;
				GCC_WARN_64_TO_32_BIT_CONVERSION = YES;
				GCC_WARN_ABOUT_RETURN_TYPE = YES_ERROR;
				GCC_WARN_UNDECLARED_SELECTOR = YES;
				GCC_WARN_UNINITIALIZED_AUTOS = YES_AGGRESSIVE;
				GCC_WARN_UNUSED_FUNCTION = YES;
				GCC_WARN_UNUSED_VARIABLE = YES;
				IPHONEOS_DEPLOYMENT_TARGET = 8.1;
				MTL_ENABLE_DEBUG_INFO = YES;
				ONLY_ACTIVE_ARCH = YES;
				SDKROOT = iphoneos;
			};
			name = Debug;
		};
		D846670C1A5D7EB2004F5135 /* Release */ = {
			isa = XCBuildConfiguration;
			buildSettings = {
				ALWAYS_SEARCH_USER_PATHS = NO;
				CLANG_CXX_LANGUAGE_STANDARD = "gnu++0x";
				CLANG_CXX_LIBRARY = "libc++";
				CLANG_ENABLE_MODULES = YES;
				CLANG_ENABLE_OBJC_ARC = YES;
				CLANG_WARN_BOOL_CONVERSION = YES;
				CLANG_WARN_CONSTANT_CONVERSION = YES;
				CLANG_WARN_DIRECT_OBJC_ISA_USAGE = YES_ERROR;
				CLANG_WARN_EMPTY_BODY = YES;
				CLANG_WARN_ENUM_CONVERSION = YES;
				CLANG_WARN_INT_CONVERSION = YES;
				CLANG_WARN_OBJC_ROOT_CLASS = YES_ERROR;
				CLANG_WARN_UNREACHABLE_CODE = YES;
				CLANG_WARN__DUPLICATE_METHOD_MATCH = YES;
				"CODE_SIGN_IDENTITY[sdk=iphoneos*]" = "iPhone Developer";
				COPY_PHASE_STRIP = YES;
				ENABLE_NS_ASSERTIONS = NO;
				ENABLE_STRICT_OBJC_MSGSEND = YES;
				GCC_C_LANGUAGE_STANDARD = gnu99;
				GCC_WARN_64_TO_32_BIT_CONVERSION = YES;
				GCC_WARN_ABOUT_RETURN_TYPE = YES_ERROR;
				GCC_WARN_UNDECLARED_SELECTOR = YES;
				GCC_WARN_UNINITIALIZED_AUTOS = YES_AGGRESSIVE;
				GCC_WARN_UNUSED_FUNCTION = YES;
				GCC_WARN_UNUSED_VARIABLE = YES;
				IPHONEOS_DEPLOYMENT_TARGET = 8.1;
				MTL_ENABLE_DEBUG_INFO = NO;
				SDKROOT = iphoneos;
				VALIDATE_PRODUCT = YES;
			};
			name = Release;
		};
		D846670E1A5D7EB2004F5135 /* Debug */ = {
			isa = XCBuildConfiguration;
			buildSettings = {
				ASSETCATALOG_COMPILER_APPICON_NAME = AppIcon;
				INFOPLIST_FILE = List/Info.plist;
				LD_RUNPATH_SEARCH_PATHS = "$(inherited) @executable_path/Frameworks";
				PRODUCT_NAME = "$(TARGET_NAME)";
			};
			name = Debug;
		};
		D846670F1A5D7EB2004F5135 /* Release */ = {
			isa = XCBuildConfiguration;
			buildSettings = {
				ASSETCATALOG_COMPILER_APPICON_NAME = AppIcon;
				INFOPLIST_FILE = List/Info.plist;
				LD_RUNPATH_SEARCH_PATHS = "$(inherited) @executable_path/Frameworks";
				PRODUCT_NAME = "$(TARGET_NAME)";
			};
			name = Release;
		};
		D84667111A5D7EB2004F5135 /* Debug */ = {
			isa = XCBuildConfiguration;
			buildSettings = {
				BUNDLE_LOADER = "$(TEST_HOST)";
				FRAMEWORK_SEARCH_PATHS = (
					"$(SDKROOT)/Developer/Library/Frameworks",
					"$(inherited)",
				);
				GCC_PREPROCESSOR_DEFINITIONS = (
					"DEBUG=1",
					"$(inherited)",
				);
				INFOPLIST_FILE = ListTests/Info.plist;
				LD_RUNPATH_SEARCH_PATHS = "$(inherited) @executable_path/Frameworks @loader_path/Frameworks";
				PRODUCT_NAME = "$(TARGET_NAME)";
				TEST_HOST = "$(BUILT_PRODUCTS_DIR)/List.app/List";
			};
			name = Debug;
		};
		D84667121A5D7EB2004F5135 /* Release */ = {
			isa = XCBuildConfiguration;
			buildSettings = {
				BUNDLE_LOADER = "$(TEST_HOST)";
				FRAMEWORK_SEARCH_PATHS = (
					"$(SDKROOT)/Developer/Library/Frameworks",
					"$(inherited)",
				);
				INFOPLIST_FILE = ListTests/Info.plist;
				LD_RUNPATH_SEARCH_PATHS = "$(inherited) @executable_path/Frameworks @loader_path/Frameworks";
				PRODUCT_NAME = "$(TARGET_NAME)";
				TEST_HOST = "$(BUILT_PRODUCTS_DIR)/List.app/List";
			};
			name = Release;
		};
/* End XCBuildConfiguration section */

/* Begin XCConfigurationList section */
		D84666E51A5D7EB2004F5135 /* Build configuration list for PBXProject "List" */ = {
			isa = XCConfigurationList;
			buildConfigurations = (
				D846670B1A5D7EB2004F5135 /* Debug */,
				D846670C1A5D7EB2004F5135 /* Release */,
			);
			defaultConfigurationIsVisible = 0;
			defaultConfigurationName = Release;
		};
		D846670D1A5D7EB2004F5135 /* Build configuration list for PBXNativeTarget "List" */ = {
			isa = XCConfigurationList;
			buildConfigurations = (
				D846670E1A5D7EB2004F5135 /* Debug */,
				D846670F1A5D7EB2004F5135 /* Release */,
			);
			defaultConfigurationIsVisible = 0;
		};
		D84667101A5D7EB2004F5135 /* Build configuration list for PBXNativeTarget "ListTests" */ = {
			isa = XCConfigurationList;
			buildConfigurations = (
				D84667111A5D7EB2004F5135 /* Debug */,
				D84667121A5D7EB2004F5135 /* Release */,
			);
			defaultConfigurationIsVisible = 0;
		};
/* End XCConfigurationList section */
	};
	rootObject = D84666E21A5D7EB2004F5135 /* Project object */;
}
