// !$*UTF8*$!
{
	archiveVersion = 1;
	classes = {
	};
	objectVersion = 46;
	objects = {

/* Begin PBXBuildFile section */
		D82757221A66C7A80069E56D /* main.m in Sources */ = {isa = PBXBuildFile; fileRef = D82757211A66C7A80069E56D /* main.m */; };
		D82757251A66C7A80069E56D /* AppDelegate.m in Sources */ = {isa = PBXBuildFile; fileRef = D82757241A66C7A80069E56D /* AppDelegate.m */; };
		D82757281A66C7A80069E56D /* ViewController.m in Sources */ = {isa = PBXBuildFile; fileRef = D82757271A66C7A80069E56D /* ViewController.m */; };
		D827572B1A66C7A80069E56D /* Main.storyboard in Resources */ = {isa = PBXBuildFile; fileRef = D82757291A66C7A80069E56D /* Main.storyboard */; };
		D827572D1A66C7A80069E56D /* Images.xcassets in Resources */ = {isa = PBXBuildFile; fileRef = D827572C1A66C7A80069E56D /* Images.xcassets */; };
		D82757301A66C7A80069E56D /* LaunchScreen.xib in Resources */ = {isa = PBXBuildFile; fileRef = D827572E1A66C7A80069E56D /* LaunchScreen.xib */; };
		D827573C1A66C7A90069E56D /* ScribbleTouchTests.m in Sources */ = {isa = PBXBuildFile; fileRef = D827573B1A66C7A90069E56D /* ScribbleTouchTests.m */; };
		D82757471A66C8160069E56D /* ScribbleView.m in Sources */ = {isa = PBXBuildFile; fileRef = D82757461A66C8160069E56D /* ScribbleView.m */; };
/* End PBXBuildFile section */

/* Begin PBXContainerItemProxy section */
		D82757361A66C7A90069E56D /* PBXContainerItemProxy */ = {
			isa = PBXContainerItemProxy;
			containerPortal = D82757141A66C7A80069E56D /* Project object */;
			proxyType = 1;
			remoteGlobalIDString = D827571B1A66C7A80069E56D;
			remoteInfo = ScribbleTouch;
		};
/* End PBXContainerItemProxy section */

/* Begin PBXFileReference section */
		D827571C1A66C7A80069E56D /* ScribbleTouch.app */ = {isa = PBXFileReference; explicitFileType = wrapper.application; includeInIndex = 0; path = ScribbleTouch.app; sourceTree = BUILT_PRODUCTS_DIR; };
		D82757201A66C7A80069E56D /* Info.plist */ = {isa = PBXFileReference; lastKnownFileType = text.plist.xml; path = Info.plist; sourceTree = "<group>"; };
		D82757211A66C7A80069E56D /* main.m */ = {isa = PBXFileReference; lastKnownFileType = sourcecode.c.objc; path = main.m; sourceTree = "<group>"; };
		D82757231A66C7A80069E56D /* AppDelegate.h */ = {isa = PBXFileReference; lastKnownFileType = sourcecode.c.h; path = AppDelegate.h; sourceTree = "<group>"; };
		D82757241A66C7A80069E56D /* AppDelegate.m */ = {isa = PBXFileReference; lastKnownFileType = sourcecode.c.objc; path = AppDelegate.m; sourceTree = "<group>"; };
		D82757261A66C7A80069E56D /* ViewController.h */ = {isa = PBXFileReference; lastKnownFileType = sourcecode.c.h; path = ViewController.h; sourceTree = "<group>"; };
		D82757271A66C7A80069E56D /* ViewController.m */ = {isa = PBXFileReference; lastKnownFileType = sourcecode.c.objc; path = ViewController.m; sourceTree = "<group>"; };
		D827572A1A66C7A80069E56D /* Base */ = {isa = PBXFileReference; lastKnownFileType = file.storyboard; name = Base; path = Base.lproj/Main.storyboard; sourceTree = "<group>"; };
		D827572C1A66C7A80069E56D /* Images.xcassets */ = {isa = PBXFileReference; lastKnownFileType = folder.assetcatalog; path = Images.xcassets; sourceTree = "<group>"; };
		D827572F1A66C7A80069E56D /* Base */ = {isa = PBXFileReference; lastKnownFileType = file.xib; name = Base; path = Base.lproj/LaunchScreen.xib; sourceTree = "<group>"; };
		D82757351A66C7A90069E56D /* ScribbleTouchTests.xctest */ = {isa = PBXFileReference; explicitFileType = wrapper.cfbundle; includeInIndex = 0; path = ScribbleTouchTests.xctest; sourceTree = BUILT_PRODUCTS_DIR; };
		D827573A1A66C7A90069E56D /* Info.plist */ = {isa = PBXFileReference; lastKnownFileType = text.plist.xml; path = Info.plist; sourceTree = "<group>"; };
		D827573B1A66C7A90069E56D /* ScribbleTouchTests.m */ = {isa = PBXFileReference; lastKnownFileType = sourcecode.c.objc; path = ScribbleTouchTests.m; sourceTree = "<group>"; };
		D82757451A66C8160069E56D /* ScribbleView.h */ = {isa = PBXFileReference; fileEncoding = 4; lastKnownFileType = sourcecode.c.h; path = ScribbleView.h; sourceTree = "<group>"; };
		D82757461A66C8160069E56D /* ScribbleView.m */ = {isa = PBXFileReference; fileEncoding = 4; lastKnownFileType = sourcecode.c.objc; path = ScribbleView.m; sourceTree = "<group>"; };
/* End PBXFileReference section */

/* Begin PBXFrameworksBuildPhase section */
		D82757191A66C7A80069E56D /* Frameworks */ = {
			isa = PBXFrameworksBuildPhase;
			buildActionMask = 2147483647;
			files = (
			);
			runOnlyForDeploymentPostprocessing = 0;
		};
		D82757321A66C7A90069E56D /* Frameworks */ = {
			isa = PBXFrameworksBuildPhase;
			buildActionMask = 2147483647;
			files = (
			);
			runOnlyForDeploymentPostprocessing = 0;
		};
/* End PBXFrameworksBuildPhase section */

/* Begin PBXGroup section */
		D82757131A66C7A80069E56D = {
			isa = PBXGroup;
			children = (
				D827571E1A66C7A80069E56D /* ScribbleTouch */,
				D82757381A66C7A90069E56D /* ScribbleTouchTests */,
				D827571D1A66C7A80069E56D /* Products */,
			);
			sourceTree = "<group>";
		};
		D827571D1A66C7A80069E56D /* Products */ = {
			isa = PBXGroup;
			children = (
				D827571C1A66C7A80069E56D /* ScribbleTouch.app */,
				D82757351A66C7A90069E56D /* ScribbleTouchTests.xctest */,
			);
			name = Products;
			sourceTree = "<group>";
		};
		D827571E1A66C7A80069E56D /* ScribbleTouch */ = {
			isa = PBXGroup;
			children = (
				D82757451A66C8160069E56D /* ScribbleView.h */,
				D82757461A66C8160069E56D /* ScribbleView.m */,
				D82757261A66C7A80069E56D /* ViewController.h */,
				D82757271A66C7A80069E56D /* ViewController.m */,
				D82757291A66C7A80069E56D /* Main.storyboard */,
				D827571F1A66C7A80069E56D /* Supporting Files */,
			);
			path = ScribbleTouch;
			sourceTree = "<group>";
		};
		D827571F1A66C7A80069E56D /* Supporting Files */ = {
			isa = PBXGroup;
			children = (
				D82757231A66C7A80069E56D /* AppDelegate.h */,
				D82757241A66C7A80069E56D /* AppDelegate.m */,
				D827572C1A66C7A80069E56D /* Images.xcassets */,
				D827572E1A66C7A80069E56D /* LaunchScreen.xib */,
				D82757201A66C7A80069E56D /* Info.plist */,
				D82757211A66C7A80069E56D /* main.m */,
			);
			name = "Supporting Files";
			sourceTree = "<group>";
		};
		D82757381A66C7A90069E56D /* ScribbleTouchTests */ = {
			isa = PBXGroup;
			children = (
				D827573B1A66C7A90069E56D /* ScribbleTouchTests.m */,
				D82757391A66C7A90069E56D /* Supporting Files */,
			);
			path = ScribbleTouchTests;
			sourceTree = "<group>";
		};
		D82757391A66C7A90069E56D /* Supporting Files */ = {
			isa = PBXGroup;
			children = (
				D827573A1A66C7A90069E56D /* Info.plist */,
			);
			name = "Supporting Files";
			sourceTree = "<group>";
		};
/* End PBXGroup section */

/* Begin PBXNativeTarget section */
		D827571B1A66C7A80069E56D /* ScribbleTouch */ = {
			isa = PBXNativeTarget;
			buildConfigurationList = D827573F1A66C7A90069E56D /* Build configuration list for PBXNativeTarget "ScribbleTouch" */;
			buildPhases = (
				D82757181A66C7A80069E56D /* Sources */,
				D82757191A66C7A80069E56D /* Frameworks */,
				D827571A1A66C7A80069E56D /* Resources */,
			);
			buildRules = (
			);
			dependencies = (
			);
			name = ScribbleTouch;
			productName = ScribbleTouch;
			productReference = D827571C1A66C7A80069E56D /* ScribbleTouch.app */;
			productType = "com.apple.product-type.application";
		};
		D82757341A66C7A90069E56D /* ScribbleTouchTests */ = {
			isa = PBXNativeTarget;
			buildConfigurationList = D82757421A66C7A90069E56D /* Build configuration list for PBXNativeTarget "ScribbleTouchTests" */;
			buildPhases = (
				D82757311A66C7A90069E56D /* Sources */,
				D82757321A66C7A90069E56D /* Frameworks */,
				D82757331A66C7A90069E56D /* Resources */,
			);
			buildRules = (
			);
			dependencies = (
				D82757371A66C7A90069E56D /* PBXTargetDependency */,
			);
			name = ScribbleTouchTests;
			productName = ScribbleTouchTests;
			productReference = D82757351A66C7A90069E56D /* ScribbleTouchTests.xctest */;
			productType = "com.apple.product-type.bundle.unit-test";
		};
/* End PBXNativeTarget section */

/* Begin PBXProject section */
		D82757141A66C7A80069E56D /* Project object */ = {
			isa = PBXProject;
			attributes = {
				LastUpgradeCheck = 0610;
				ORGANIZATIONNAME = "Max McChesney";
				TargetAttributes = {
					D827571B1A66C7A80069E56D = {
						CreatedOnToolsVersion = 6.1.1;
					};
					D82757341A66C7A90069E56D = {
						CreatedOnToolsVersion = 6.1.1;
						TestTargetID = D827571B1A66C7A80069E56D;
					};
				};
			};
			buildConfigurationList = D82757171A66C7A80069E56D /* Build configuration list for PBXProject "ScribbleTouch" */;
			compatibilityVersion = "Xcode 3.2";
			developmentRegion = English;
			hasScannedForEncodings = 0;
			knownRegions = (
				en,
				Base,
			);
			mainGroup = D82757131A66C7A80069E56D;
			productRefGroup = D827571D1A66C7A80069E56D /* Products */;
			projectDirPath = "";
			projectRoot = "";
			targets = (
				D827571B1A66C7A80069E56D /* ScribbleTouch */,
				D82757341A66C7A90069E56D /* ScribbleTouchTests */,
			);
		};
/* End PBXProject section */

/* Begin PBXResourcesBuildPhase section */
		D827571A1A66C7A80069E56D /* Resources */ = {
			isa = PBXResourcesBuildPhase;
			buildActionMask = 2147483647;
			files = (
				D827572B1A66C7A80069E56D /* Main.storyboard in Resources */,
				D82757301A66C7A80069E56D /* LaunchScreen.xib in Resources */,
				D827572D1A66C7A80069E56D /* Images.xcassets in Resources */,
			);
			runOnlyForDeploymentPostprocessing = 0;
		};
		D82757331A66C7A90069E56D /* Resources */ = {
			isa = PBXResourcesBuildPhase;
			buildActionMask = 2147483647;
			files = (
			);
			runOnlyForDeploymentPostprocessing = 0;
		};
/* End PBXResourcesBuildPhase section */

/* Begin PBXSourcesBuildPhase section */
		D82757181A66C7A80069E56D /* Sources */ = {
			isa = PBXSourcesBuildPhase;
			buildActionMask = 2147483647;
			files = (
				D82757281A66C7A80069E56D /* ViewController.m in Sources */,
				D82757251A66C7A80069E56D /* AppDelegate.m in Sources */,
				D82757471A66C8160069E56D /* ScribbleView.m in Sources */,
				D82757221A66C7A80069E56D /* main.m in Sources */,
			);
			runOnlyForDeploymentPostprocessing = 0;
		};
		D82757311A66C7A90069E56D /* Sources */ = {
			isa = PBXSourcesBuildPhase;
			buildActionMask = 2147483647;
			files = (
				D827573C1A66C7A90069E56D /* ScribbleTouchTests.m in Sources */,
			);
			runOnlyForDeploymentPostprocessing = 0;
		};
/* End PBXSourcesBuildPhase section */

/* Begin PBXTargetDependency section */
		D82757371A66C7A90069E56D /* PBXTargetDependency */ = {
			isa = PBXTargetDependency;
			target = D827571B1A66C7A80069E56D /* ScribbleTouch */;
			targetProxy = D82757361A66C7A90069E56D /* PBXContainerItemProxy */;
		};
/* End PBXTargetDependency section */

/* Begin PBXVariantGroup section */
		D82757291A66C7A80069E56D /* Main.storyboard */ = {
			isa = PBXVariantGroup;
			children = (
				D827572A1A66C7A80069E56D /* Base */,
			);
			name = Main.storyboard;
			sourceTree = "<group>";
		};
		D827572E1A66C7A80069E56D /* LaunchScreen.xib */ = {
			isa = PBXVariantGroup;
			children = (
				D827572F1A66C7A80069E56D /* Base */,
			);
			name = LaunchScreen.xib;
			sourceTree = "<group>";
		};
/* End PBXVariantGroup section */

/* Begin XCBuildConfiguration section */
		D827573D1A66C7A90069E56D /* Debug */ = {
			isa = XCBuildConfiguration;
			buildSettings = {
				ALWAYS_SEARCH_USER_PATHS = NO;
				CLANG_CXX_LANGUAGE_STANDARD = "gnu++0x";
				CLANG_CXX_LIBRARY = "libc++";
				CLANG_ENABLE_MODULES = YES;
				CLANG_ENABLE_OBJC_ARC = YES;
				CLANG_WARN_BOOL_CONVERSION = YES;
				CLANG_WARN_CONSTANT_CONVERSION = YES;
				CLANG_WARN_DIRECT_OBJC_ISA_USAGE = YES_ERROR;
				CLANG_WARN_EMPTY_BODY = YES;
				CLANG_WARN_ENUM_CONVERSION = YES;
				CLANG_WARN_INT_CONVERSION = YES;
				CLANG_WARN_OBJC_ROOT_CLASS = YES_ERROR;
				CLANG_WARN_UNREACHABLE_CODE = YES;
				CLANG_WARN__DUPLICATE_METHOD_MATCH = YES;
				"CODE_SIGN_IDENTITY[sdk=iphoneos*]" = "iPhone Developer";
				COPY_PHASE_STRIP = NO;
				ENABLE_STRICT_OBJC_MSGSEND = YES;
				GCC_C_LANGUAGE_STANDARD = gnu99;
				GCC_DYNAMIC_NO_PIC = NO;
				GCC_OPTIMIZATION_LEVEL = 0;
				GCC_PREPROCESSOR_DEFINITIONS = (
					"DEBUG=1",
					"$(inherited)",
				);
				GCC_SYMBOLS_PRIVATE_EXTERN = NO;
				GCC_WARN_64_TO_32_BIT_CONVERSION = YES;
				GCC_WARN_ABOUT_RETURN_TYPE = YES_ERROR;
				GCC_WARN_UNDECLARED_SELECTOR = YES;
				GCC_WARN_UNINITIALIZED_AUTOS = YES_AGGRESSIVE;
				GCC_WARN_UNUSED_FUNCTION = YES;
				GCC_WARN_UNUSED_VARIABLE = YES;
				IPHONEOS_DEPLOYMENT_TARGET = 8.1;
				MTL_ENABLE_DEBUG_INFO = YES;
				ONLY_ACTIVE_ARCH = YES;
				SDKROOT = iphoneos;
			};
			name = Debug;
		};
		D827573E1A66C7A90069E56D /* Release */ = {
			isa = XCBuildConfiguration;
			buildSettings = {
				ALWAYS_SEARCH_USER_PATHS = NO;
				CLANG_CXX_LANGUAGE_STANDARD = "gnu++0x";
				CLANG_CXX_LIBRARY = "libc++";
				CLANG_ENABLE_MODULES = YES;
				CLANG_ENABLE_OBJC_ARC = YES;
				CLANG_WARN_BOOL_CONVERSION = YES;
				CLANG_WARN_CONSTANT_CONVERSION = YES;
				CLANG_WARN_DIRECT_OBJC_ISA_USAGE = YES_ERROR;
				CLANG_WARN_EMPTY_BODY = YES;
				CLANG_WARN_ENUM_CONVERSION = YES;
				CLANG_WARN_INT_CONVERSION = YES;
				CLANG_WARN_OBJC_ROOT_CLASS = YES_ERROR;
				CLANG_WARN_UNREACHABLE_CODE = YES;
				CLANG_WARN__DUPLICATE_METHOD_MATCH = YES;
				"CODE_SIGN_IDENTITY[sdk=iphoneos*]" = "iPhone Developer";
				COPY_PHASE_STRIP = YES;
				ENABLE_NS_ASSERTIONS = NO;
				ENABLE_STRICT_OBJC_MSGSEND = YES;
				GCC_C_LANGUAGE_STANDARD = gnu99;
				GCC_WARN_64_TO_32_BIT_CONVERSION = YES;
				GCC_WARN_ABOUT_RETURN_TYPE = YES_ERROR;
				GCC_WARN_UNDECLARED_SELECTOR = YES;
				GCC_WARN_UNINITIALIZED_AUTOS = YES_AGGRESSIVE;
				GCC_WARN_UNUSED_FUNCTION = YES;
				GCC_WARN_UNUSED_VARIABLE = YES;
				IPHONEOS_DEPLOYMENT_TARGET = 8.1;
				MTL_ENABLE_DEBUG_INFO = NO;
				SDKROOT = iphoneos;
				VALIDATE_PRODUCT = YES;
			};
			name = Release;
		};
		D82757401A66C7A90069E56D /* Debug */ = {
			isa = XCBuildConfiguration;
			buildSettings = {
				ASSETCATALOG_COMPILER_APPICON_NAME = AppIcon;
				INFOPLIST_FILE = ScribbleTouch/Info.plist;
				LD_RUNPATH_SEARCH_PATHS = "$(inherited) @executable_path/Frameworks";
				PRODUCT_NAME = "$(TARGET_NAME)";
			};
			name = Debug;
		};
		D82757411A66C7A90069E56D /* Release */ = {
			isa = XCBuildConfiguration;
			buildSettings = {
				ASSETCATALOG_COMPILER_APPICON_NAME = AppIcon;
				INFOPLIST_FILE = ScribbleTouch/Info.plist;
				LD_RUNPATH_SEARCH_PATHS = "$(inherited) @executable_path/Frameworks";
				PRODUCT_NAME = "$(TARGET_NAME)";
			};
			name = Release;
		};
		D82757431A66C7A90069E56D /* Debug */ = {
			isa = XCBuildConfiguration;
			buildSettings = {
				BUNDLE_LOADER = "$(TEST_HOST)";
				FRAMEWORK_SEARCH_PATHS = (
					"$(SDKROOT)/Developer/Library/Frameworks",
					"$(inherited)",
				);
				GCC_PREPROCESSOR_DEFINITIONS = (
					"DEBUG=1",
					"$(inherited)",
				);
				INFOPLIST_FILE = ScribbleTouchTests/Info.plist;
				LD_RUNPATH_SEARCH_PATHS = "$(inherited) @executable_path/Frameworks @loader_path/Frameworks";
				PRODUCT_NAME = "$(TARGET_NAME)";
				TEST_HOST = "$(BUILT_PRODUCTS_DIR)/ScribbleTouch.app/ScribbleTouch";
			};
			name = Debug;
		};
		D82757441A66C7A90069E56D /* Release */ = {
			isa = XCBuildConfiguration;
			buildSettings = {
				BUNDLE_LOADER = "$(TEST_HOST)";
				FRAMEWORK_SEARCH_PATHS = (
					"$(SDKROOT)/Developer/Library/Frameworks",
					"$(inherited)",
				);
				INFOPLIST_FILE = ScribbleTouchTests/Info.plist;
				LD_RUNPATH_SEARCH_PATHS = "$(inherited) @executable_path/Frameworks @loader_path/Frameworks";
				PRODUCT_NAME = "$(TARGET_NAME)";
				TEST_HOST = "$(BUILT_PRODUCTS_DIR)/ScribbleTouch.app/ScribbleTouch";
			};
			name = Release;
		};
/* End XCBuildConfiguration section */

/* Begin XCConfigurationList section */
		D82757171A66C7A80069E56D /* Build configuration list for PBXProject "ScribbleTouch" */ = {
			isa = XCConfigurationList;
			buildConfigurations = (
				D827573D1A66C7A90069E56D /* Debug */,
				D827573E1A66C7A90069E56D /* Release */,
			);
			defaultConfigurationIsVisible = 0;
			defaultConfigurationName = Release;
		};
		D827573F1A66C7A90069E56D /* Build configuration list for PBXNativeTarget "ScribbleTouch" */ = {
			isa = XCConfigurationList;
			buildConfigurations = (
				D82757401A66C7A90069E56D /* Debug */,
				D82757411A66C7A90069E56D /* Release */,
			);
			defaultConfigurationIsVisible = 0;
		};
		D82757421A66C7A90069E56D /* Build configuration list for PBXNativeTarget "ScribbleTouchTests" */ = {
			isa = XCConfigurationList;
			buildConfigurations = (
				D82757431A66C7A90069E56D /* Debug */,
				D82757441A66C7A90069E56D /* Release */,
			);
			defaultConfigurationIsVisible = 0;
		};
/* End XCConfigurationList section */
	};
	rootObject = D82757141A66C7A80069E56D /* Project object */;
}
