// !$*UTF8*$!
{
	archiveVersion = 1;
	classes = {
	};
	objectVersion = 46;
	objects = {

/* Begin PBXBuildFile section */
		D8969BDB1A8A4F010037167F /* AppDelegate.swift in Sources */ = {isa = PBXBuildFile; fileRef = D8969BDA1A8A4F010037167F /* AppDelegate.swift */; };
		D8969BDD1A8A4F010037167F /* ViewController.swift in Sources */ = {isa = PBXBuildFile; fileRef = D8969BDC1A8A4F010037167F /* ViewController.swift */; };
		D8969BE01A8A4F010037167F /* Main.storyboard in Resources */ = {isa = PBXBuildFile; fileRef = D8969BDE1A8A4F010037167F /* Main.storyboard */; };
		D8969BE21A8A4F010037167F /* Images.xcassets in Resources */ = {isa = PBXBuildFile; fileRef = D8969BE11A8A4F010037167F /* Images.xcassets */; };
		D8969BE51A8A4F010037167F /* LaunchScreen.xib in Resources */ = {isa = PBXBuildFile; fileRef = D8969BE31A8A4F010037167F /* LaunchScreen.xib */; };
		D8969BF11A8A4F010037167F /* BallTests.swift in Sources */ = {isa = PBXBuildFile; fileRef = D8969BF01A8A4F010037167F /* BallTests.swift */; };
/* End PBXBuildFile section */

/* Begin PBXContainerItemProxy section */
		D8969BEB1A8A4F010037167F /* PBXContainerItemProxy */ = {
			isa = PBXContainerItemProxy;
			containerPortal = D8969BCD1A8A4F010037167F /* Project object */;
			proxyType = 1;
			remoteGlobalIDString = D8969BD41A8A4F010037167F;
			remoteInfo = Ball;
		};
/* End PBXContainerItemProxy section */

/* Begin PBXFileReference section */
		D8969BD51A8A4F010037167F /* Ball.app */ = {isa = PBXFileReference; explicitFileType = wrapper.application; includeInIndex = 0; path = Ball.app; sourceTree = BUILT_PRODUCTS_DIR; };
		D8969BD91A8A4F010037167F /* Info.plist */ = {isa = PBXFileReference; lastKnownFileType = text.plist.xml; path = Info.plist; sourceTree = "<group>"; };
		D8969BDA1A8A4F010037167F /* AppDelegate.swift */ = {isa = PBXFileReference; lastKnownFileType = sourcecode.swift; path = AppDelegate.swift; sourceTree = "<group>"; };
		D8969BDC1A8A4F010037167F /* ViewController.swift */ = {isa = PBXFileReference; lastKnownFileType = sourcecode.swift; path = ViewController.swift; sourceTree = "<group>"; };
		D8969BDF1A8A4F010037167F /* Base */ = {isa = PBXFileReference; lastKnownFileType = file.storyboard; name = Base; path = Base.lproj/Main.storyboard; sourceTree = "<group>"; };
		D8969BE11A8A4F010037167F /* Images.xcassets */ = {isa = PBXFileReference; lastKnownFileType = folder.assetcatalog; path = Images.xcassets; sourceTree = "<group>"; };
		D8969BE41A8A4F010037167F /* Base */ = {isa = PBXFileReference; lastKnownFileType = file.xib; name = Base; path = Base.lproj/LaunchScreen.xib; sourceTree = "<group>"; };
		D8969BEA1A8A4F010037167F /* BallTests.xctest */ = {isa = PBXFileReference; explicitFileType = wrapper.cfbundle; includeInIndex = 0; path = BallTests.xctest; sourceTree = BUILT_PRODUCTS_DIR; };
		D8969BEF1A8A4F010037167F /* Info.plist */ = {isa = PBXFileReference; lastKnownFileType = text.plist.xml; path = Info.plist; sourceTree = "<group>"; };
		D8969BF01A8A4F010037167F /* BallTests.swift */ = {isa = PBXFileReference; lastKnownFileType = sourcecode.swift; path = BallTests.swift; sourceTree = "<group>"; };
/* End PBXFileReference section */

/* Begin PBXFrameworksBuildPhase section */
		D8969BD21A8A4F010037167F /* Frameworks */ = {
			isa = PBXFrameworksBuildPhase;
			buildActionMask = 2147483647;
			files = (
			);
			runOnlyForDeploymentPostprocessing = 0;
		};
		D8969BE71A8A4F010037167F /* Frameworks */ = {
			isa = PBXFrameworksBuildPhase;
			buildActionMask = 2147483647;
			files = (
			);
			runOnlyForDeploymentPostprocessing = 0;
		};
/* End PBXFrameworksBuildPhase section */

/* Begin PBXGroup section */
		D8969BCC1A8A4F010037167F = {
			isa = PBXGroup;
			children = (
				D8969BD71A8A4F010037167F /* Ball */,
				D8969BED1A8A4F010037167F /* BallTests */,
				D8969BD61A8A4F010037167F /* Products */,
			);
			sourceTree = "<group>";
		};
		D8969BD61A8A4F010037167F /* Products */ = {
			isa = PBXGroup;
			children = (
				D8969BD51A8A4F010037167F /* Ball.app */,
				D8969BEA1A8A4F010037167F /* BallTests.xctest */,
			);
			name = Products;
			sourceTree = "<group>";
		};
		D8969BD71A8A4F010037167F /* Ball */ = {
			isa = PBXGroup;
			children = (
				D8969BDA1A8A4F010037167F /* AppDelegate.swift */,
				D8969BDC1A8A4F010037167F /* ViewController.swift */,
				D8969BDE1A8A4F010037167F /* Main.storyboard */,
				D8969BE11A8A4F010037167F /* Images.xcassets */,
				D8969BE31A8A4F010037167F /* LaunchScreen.xib */,
				D8969BD81A8A4F010037167F /* Supporting Files */,
			);
			path = Ball;
			sourceTree = "<group>";
		};
		D8969BD81A8A4F010037167F /* Supporting Files */ = {
			isa = PBXGroup;
			children = (
				D8969BD91A8A4F010037167F /* Info.plist */,
			);
			name = "Supporting Files";
			sourceTree = "<group>";
		};
		D8969BED1A8A4F010037167F /* BallTests */ = {
			isa = PBXGroup;
			children = (
				D8969BF01A8A4F010037167F /* BallTests.swift */,
				D8969BEE1A8A4F010037167F /* Supporting Files */,
			);
			path = BallTests;
			sourceTree = "<group>";
		};
		D8969BEE1A8A4F010037167F /* Supporting Files */ = {
			isa = PBXGroup;
			children = (
				D8969BEF1A8A4F010037167F /* Info.plist */,
			);
			name = "Supporting Files";
			sourceTree = "<group>";
		};
/* End PBXGroup section */

/* Begin PBXNativeTarget section */
		D8969BD41A8A4F010037167F /* Ball */ = {
			isa = PBXNativeTarget;
			buildConfigurationList = D8969BF41A8A4F010037167F /* Build configuration list for PBXNativeTarget "Ball" */;
			buildPhases = (
				D8969BD11A8A4F010037167F /* Sources */,
				D8969BD21A8A4F010037167F /* Frameworks */,
				D8969BD31A8A4F010037167F /* Resources */,
			);
			buildRules = (
			);
			dependencies = (
			);
			name = Ball;
			productName = Ball;
			productReference = D8969BD51A8A4F010037167F /* Ball.app */;
			productType = "com.apple.product-type.application";
		};
		D8969BE91A8A4F010037167F /* BallTests */ = {
			isa = PBXNativeTarget;
			buildConfigurationList = D8969BF71A8A4F010037167F /* Build configuration list for PBXNativeTarget "BallTests" */;
			buildPhases = (
				D8969BE61A8A4F010037167F /* Sources */,
				D8969BE71A8A4F010037167F /* Frameworks */,
				D8969BE81A8A4F010037167F /* Resources */,
			);
			buildRules = (
			);
			dependencies = (
				D8969BEC1A8A4F010037167F /* PBXTargetDependency */,
			);
			name = BallTests;
			productName = BallTests;
			productReference = D8969BEA1A8A4F010037167F /* BallTests.xctest */;
			productType = "com.apple.product-type.bundle.unit-test";
		};
/* End PBXNativeTarget section */

/* Begin PBXProject section */
		D8969BCD1A8A4F010037167F /* Project object */ = {
			isa = PBXProject;
			attributes = {
				LastUpgradeCheck = 0610;
				ORGANIZATIONNAME = "Max McChesney";
				TargetAttributes = {
					D8969BD41A8A4F010037167F = {
						CreatedOnToolsVersion = 6.1.1;
					};
					D8969BE91A8A4F010037167F = {
						CreatedOnToolsVersion = 6.1.1;
						TestTargetID = D8969BD41A8A4F010037167F;
					};
				};
			};
			buildConfigurationList = D8969BD01A8A4F010037167F /* Build configuration list for PBXProject "Ball" */;
			compatibilityVersion = "Xcode 3.2";
			developmentRegion = English;
			hasScannedForEncodings = 0;
			knownRegions = (
				en,
				Base,
			);
			mainGroup = D8969BCC1A8A4F010037167F;
			productRefGroup = D8969BD61A8A4F010037167F /* Products */;
			projectDirPath = "";
			projectRoot = "";
			targets = (
				D8969BD41A8A4F010037167F /* Ball */,
				D8969BE91A8A4F010037167F /* BallTests */,
			);
		};
/* End PBXProject section */

/* Begin PBXResourcesBuildPhase section */
		D8969BD31A8A4F010037167F /* Resources */ = {
			isa = PBXResourcesBuildPhase;
			buildActionMask = 2147483647;
			files = (
				D8969BE01A8A4F010037167F /* Main.storyboard in Resources */,
				D8969BE51A8A4F010037167F /* LaunchScreen.xib in Resources */,
				D8969BE21A8A4F010037167F /* Images.xcassets in Resources */,
			);
			runOnlyForDeploymentPostprocessing = 0;
		};
		D8969BE81A8A4F010037167F /* Resources */ = {
			isa = PBXResourcesBuildPhase;
			buildActionMask = 2147483647;
			files = (
			);
			runOnlyForDeploymentPostprocessing = 0;
		};
/* End PBXResourcesBuildPhase section */

/* Begin PBXSourcesBuildPhase section */
		D8969BD11A8A4F010037167F /* Sources */ = {
			isa = PBXSourcesBuildPhase;
			buildActionMask = 2147483647;
			files = (
				D8969BDD1A8A4F010037167F /* ViewController.swift in Sources */,
				D8969BDB1A8A4F010037167F /* AppDelegate.swift in Sources */,
			);
			runOnlyForDeploymentPostprocessing = 0;
		};
		D8969BE61A8A4F010037167F /* Sources */ = {
			isa = PBXSourcesBuildPhase;
			buildActionMask = 2147483647;
			files = (
				D8969BF11A8A4F010037167F /* BallTests.swift in Sources */,
			);
			runOnlyForDeploymentPostprocessing = 0;
		};
/* End PBXSourcesBuildPhase section */

/* Begin PBXTargetDependency section */
		D8969BEC1A8A4F010037167F /* PBXTargetDependency */ = {
			isa = PBXTargetDependency;
			target = D8969BD41A8A4F010037167F /* Ball */;
			targetProxy = D8969BEB1A8A4F010037167F /* PBXContainerItemProxy */;
		};
/* End PBXTargetDependency section */

/* Begin PBXVariantGroup section */
		D8969BDE1A8A4F010037167F /* Main.storyboard */ = {
			isa = PBXVariantGroup;
			children = (
				D8969BDF1A8A4F010037167F /* Base */,
			);
			name = Main.storyboard;
			sourceTree = "<group>";
		};
		D8969BE31A8A4F010037167F /* LaunchScreen.xib */ = {
			isa = PBXVariantGroup;
			children = (
				D8969BE41A8A4F010037167F /* Base */,
			);
			name = LaunchScreen.xib;
			sourceTree = "<group>";
		};
/* End PBXVariantGroup section */

/* Begin XCBuildConfiguration section */
		D8969BF21A8A4F010037167F /* Debug */ = {
			isa = XCBuildConfiguration;
			buildSettings = {
				ALWAYS_SEARCH_USER_PATHS = NO;
				CLANG_CXX_LANGUAGE_STANDARD = "gnu++0x";
				CLANG_CXX_LIBRARY = "libc++";
				CLANG_ENABLE_MODULES = YES;
				CLANG_ENABLE_OBJC_ARC = YES;
				CLANG_WARN_BOOL_CONVERSION = YES;
				CLANG_WARN_CONSTANT_CONVERSION = YES;
				CLANG_WARN_DIRECT_OBJC_ISA_USAGE = YES_ERROR;
				CLANG_WARN_EMPTY_BODY = YES;
				CLANG_WARN_ENUM_CONVERSION = YES;
				CLANG_WARN_INT_CONVERSION = YES;
				CLANG_WARN_OBJC_ROOT_CLASS = YES_ERROR;
				CLANG_WARN_UNREACHABLE_CODE = YES;
				CLANG_WARN__DUPLICATE_METHOD_MATCH = YES;
				"CODE_SIGN_IDENTITY[sdk=iphoneos*]" = "iPhone Developer";
				COPY_PHASE_STRIP = NO;
				ENABLE_STRICT_OBJC_MSGSEND = YES;
				GCC_C_LANGUAGE_STANDARD = gnu99;
				GCC_DYNAMIC_NO_PIC = NO;
				GCC_OPTIMIZATION_LEVEL = 0;
				GCC_PREPROCESSOR_DEFINITIONS = (
					"DEBUG=1",
					"$(inherited)",
				);
				GCC_SYMBOLS_PRIVATE_EXTERN = NO;
				GCC_WARN_64_TO_32_BIT_CONVERSION = YES;
				GCC_WARN_ABOUT_RETURN_TYPE = YES_ERROR;
				GCC_WARN_UNDECLARED_SELECTOR = YES;
				GCC_WARN_UNINITIALIZED_AUTOS = YES_AGGRESSIVE;
				GCC_WARN_UNUSED_FUNCTION = YES;
				GCC_WARN_UNUSED_VARIABLE = YES;
				IPHONEOS_DEPLOYMENT_TARGET = 8.1;
				MTL_ENABLE_DEBUG_INFO = YES;
				ONLY_ACTIVE_ARCH = YES;
				SDKROOT = iphoneos;
				SWIFT_OPTIMIZATION_LEVEL = "-Onone";
			};
			name = Debug;
		};
		D8969BF31A8A4F010037167F /* Release */ = {
			isa = XCBuildConfiguration;
			buildSettings = {
				ALWAYS_SEARCH_USER_PATHS = NO;
				CLANG_CXX_LANGUAGE_STANDARD = "gnu++0x";
				CLANG_CXX_LIBRARY = "libc++";
				CLANG_ENABLE_MODULES = YES;
				CLANG_ENABLE_OBJC_ARC = YES;
				CLANG_WARN_BOOL_CONVERSION = YES;
				CLANG_WARN_CONSTANT_CONVERSION = YES;
				CLANG_WARN_DIRECT_OBJC_ISA_USAGE = YES_ERROR;
				CLANG_WARN_EMPTY_BODY = YES;
				CLANG_WARN_ENUM_CONVERSION = YES;
				CLANG_WARN_INT_CONVERSION = YES;
				CLANG_WARN_OBJC_ROOT_CLASS = YES_ERROR;
				CLANG_WARN_UNREACHABLE_CODE = YES;
				CLANG_WARN__DUPLICATE_METHOD_MATCH = YES;
				"CODE_SIGN_IDENTITY[sdk=iphoneos*]" = "iPhone Developer";
				COPY_PHASE_STRIP = YES;
				ENABLE_NS_ASSERTIONS = NO;
				ENABLE_STRICT_OBJC_MSGSEND = YES;
				GCC_C_LANGUAGE_STANDARD = gnu99;
				GCC_WARN_64_TO_32_BIT_CONVERSION = YES;
				GCC_WARN_ABOUT_RETURN_TYPE = YES_ERROR;
				GCC_WARN_UNDECLARED_SELECTOR = YES;
				GCC_WARN_UNINITIALIZED_AUTOS = YES_AGGRESSIVE;
				GCC_WARN_UNUSED_FUNCTION = YES;
				GCC_WARN_UNUSED_VARIABLE = YES;
				IPHONEOS_DEPLOYMENT_TARGET = 8.1;
				MTL_ENABLE_DEBUG_INFO = NO;
				SDKROOT = iphoneos;
				VALIDATE_PRODUCT = YES;
			};
			name = Release;
		};
		D8969BF51A8A4F010037167F /* Debug */ = {
			isa = XCBuildConfiguration;
			buildSettings = {
				ASSETCATALOG_COMPILER_APPICON_NAME = AppIcon;
				INFOPLIST_FILE = Ball/Info.plist;
				LD_RUNPATH_SEARCH_PATHS = "$(inherited) @executable_path/Frameworks";
				PRODUCT_NAME = "$(TARGET_NAME)";
			};
			name = Debug;
		};
		D8969BF61A8A4F010037167F /* Release */ = {
			isa = XCBuildConfiguration;
			buildSettings = {
				ASSETCATALOG_COMPILER_APPICON_NAME = AppIcon;
				INFOPLIST_FILE = Ball/Info.plist;
				LD_RUNPATH_SEARCH_PATHS = "$(inherited) @executable_path/Frameworks";
				PRODUCT_NAME = "$(TARGET_NAME)";
			};
			name = Release;
		};
		D8969BF81A8A4F010037167F /* Debug */ = {
			isa = XCBuildConfiguration;
			buildSettings = {
				BUNDLE_LOADER = "$(TEST_HOST)";
				FRAMEWORK_SEARCH_PATHS = (
					"$(SDKROOT)/Developer/Library/Frameworks",
					"$(inherited)",
				);
				GCC_PREPROCESSOR_DEFINITIONS = (
					"DEBUG=1",
					"$(inherited)",
				);
				INFOPLIST_FILE = BallTests/Info.plist;
				LD_RUNPATH_SEARCH_PATHS = "$(inherited) @executable_path/Frameworks @loader_path/Frameworks";
				PRODUCT_NAME = "$(TARGET_NAME)";
				TEST_HOST = "$(BUILT_PRODUCTS_DIR)/Ball.app/Ball";
			};
			name = Debug;
		};
		D8969BF91A8A4F010037167F /* Release */ = {
			isa = XCBuildConfiguration;
			buildSettings = {
				BUNDLE_LOADER = "$(TEST_HOST)";
				FRAMEWORK_SEARCH_PATHS = (
					"$(SDKROOT)/Developer/Library/Frameworks",
					"$(inherited)",
				);
				INFOPLIST_FILE = BallTests/Info.plist;
				LD_RUNPATH_SEARCH_PATHS = "$(inherited) @executable_path/Frameworks @loader_path/Frameworks";
				PRODUCT_NAME = "$(TARGET_NAME)";
				TEST_HOST = "$(BUILT_PRODUCTS_DIR)/Ball.app/Ball";
			};
			name = Release;
		};
/* End XCBuildConfiguration section */

/* Begin XCConfigurationList section */
		D8969BD01A8A4F010037167F /* Build configuration list for PBXProject "Ball" */ = {
			isa = XCConfigurationList;
			buildConfigurations = (
				D8969BF21A8A4F010037167F /* Debug */,
				D8969BF31A8A4F010037167F /* Release */,
			);
			defaultConfigurationIsVisible = 0;
			defaultConfigurationName = Release;
		};
		D8969BF41A8A4F010037167F /* Build configuration list for PBXNativeTarget "Ball" */ = {
			isa = XCConfigurationList;
			buildConfigurations = (
				D8969BF51A8A4F010037167F /* Debug */,
				D8969BF61A8A4F010037167F /* Release */,
			);
			defaultConfigurationIsVisible = 0;
		};
		D8969BF71A8A4F010037167F /* Build configuration list for PBXNativeTarget "BallTests" */ = {
			isa = XCConfigurationList;
			buildConfigurations = (
				D8969BF81A8A4F010037167F /* Debug */,
				D8969BF91A8A4F010037167F /* Release */,
			);
			defaultConfigurationIsVisible = 0;
		};
/* End XCConfigurationList section */
	};
	rootObject = D8969BCD1A8A4F010037167F /* Project object */;
}
