// !$*UTF8*$!
{
	archiveVersion = 1;
	classes = {
	};
	objectVersion = 46;
	objects = {

/* Begin PBXBuildFile section */
		D8274D881A769C6E0019823C /* AppDelegate.swift in Sources */ = {isa = PBXBuildFile; fileRef = D8274D871A769C6E0019823C /* AppDelegate.swift */; };
		D8274D8A1A769C6E0019823C /* ViewController.swift in Sources */ = {isa = PBXBuildFile; fileRef = D8274D891A769C6E0019823C /* ViewController.swift */; };
		D8274D8D1A769C6E0019823C /* Main.storyboard in Resources */ = {isa = PBXBuildFile; fileRef = D8274D8B1A769C6E0019823C /* Main.storyboard */; };
		D8274D8F1A769C6E0019823C /* Images.xcassets in Resources */ = {isa = PBXBuildFile; fileRef = D8274D8E1A769C6E0019823C /* Images.xcassets */; };
		D8274D921A769C6E0019823C /* LaunchScreen.xib in Resources */ = {isa = PBXBuildFile; fileRef = D8274D901A769C6E0019823C /* LaunchScreen.xib */; };
		D8274D9E1A769C6E0019823C /* SwiftAppTests.swift in Sources */ = {isa = PBXBuildFile; fileRef = D8274D9D1A769C6E0019823C /* SwiftAppTests.swift */; };
/* End PBXBuildFile section */

/* Begin PBXContainerItemProxy section */
		D8274D981A769C6E0019823C /* PBXContainerItemProxy */ = {
			isa = PBXContainerItemProxy;
			containerPortal = D8274D7A1A769C6E0019823C /* Project object */;
			proxyType = 1;
			remoteGlobalIDString = D8274D811A769C6E0019823C;
			remoteInfo = SwiftApp;
		};
/* End PBXContainerItemProxy section */

/* Begin PBXFileReference section */
		D8274D821A769C6E0019823C /* SwiftApp.app */ = {isa = PBXFileReference; explicitFileType = wrapper.application; includeInIndex = 0; path = SwiftApp.app; sourceTree = BUILT_PRODUCTS_DIR; };
		D8274D861A769C6E0019823C /* Info.plist */ = {isa = PBXFileReference; lastKnownFileType = text.plist.xml; path = Info.plist; sourceTree = "<group>"; };
		D8274D871A769C6E0019823C /* AppDelegate.swift */ = {isa = PBXFileReference; lastKnownFileType = sourcecode.swift; path = AppDelegate.swift; sourceTree = "<group>"; };
		D8274D891A769C6E0019823C /* ViewController.swift */ = {isa = PBXFileReference; lastKnownFileType = sourcecode.swift; path = ViewController.swift; sourceTree = "<group>"; };
		D8274D8C1A769C6E0019823C /* Base */ = {isa = PBXFileReference; lastKnownFileType = file.storyboard; name = Base; path = Base.lproj/Main.storyboard; sourceTree = "<group>"; };
		D8274D8E1A769C6E0019823C /* Images.xcassets */ = {isa = PBXFileReference; lastKnownFileType = folder.assetcatalog; path = Images.xcassets; sourceTree = "<group>"; };
		D8274D911A769C6E0019823C /* Base */ = {isa = PBXFileReference; lastKnownFileType = file.xib; name = Base; path = Base.lproj/LaunchScreen.xib; sourceTree = "<group>"; };
		D8274D971A769C6E0019823C /* SwiftAppTests.xctest */ = {isa = PBXFileReference; explicitFileType = wrapper.cfbundle; includeInIndex = 0; path = SwiftAppTests.xctest; sourceTree = BUILT_PRODUCTS_DIR; };
		D8274D9C1A769C6E0019823C /* Info.plist */ = {isa = PBXFileReference; lastKnownFileType = text.plist.xml; path = Info.plist; sourceTree = "<group>"; };
		D8274D9D1A769C6E0019823C /* SwiftAppTests.swift */ = {isa = PBXFileReference; lastKnownFileType = sourcecode.swift; path = SwiftAppTests.swift; sourceTree = "<group>"; };
/* End PBXFileReference section */

/* Begin PBXFrameworksBuildPhase section */
		D8274D7F1A769C6E0019823C /* Frameworks */ = {
			isa = PBXFrameworksBuildPhase;
			buildActionMask = 2147483647;
			files = (
			);
			runOnlyForDeploymentPostprocessing = 0;
		};
		D8274D941A769C6E0019823C /* Frameworks */ = {
			isa = PBXFrameworksBuildPhase;
			buildActionMask = 2147483647;
			files = (
			);
			runOnlyForDeploymentPostprocessing = 0;
		};
/* End PBXFrameworksBuildPhase section */

/* Begin PBXGroup section */
		D8274D791A769C6E0019823C = {
			isa = PBXGroup;
			children = (
				D8274D841A769C6E0019823C /* SwiftApp */,
				D8274D9A1A769C6E0019823C /* SwiftAppTests */,
				D8274D831A769C6E0019823C /* Products */,
			);
			sourceTree = "<group>";
		};
		D8274D831A769C6E0019823C /* Products */ = {
			isa = PBXGroup;
			children = (
				D8274D821A769C6E0019823C /* SwiftApp.app */,
				D8274D971A769C6E0019823C /* SwiftAppTests.xctest */,
			);
			name = Products;
			sourceTree = "<group>";
		};
		D8274D841A769C6E0019823C /* SwiftApp */ = {
			isa = PBXGroup;
			children = (
				D8274D871A769C6E0019823C /* AppDelegate.swift */,
				D8274D891A769C6E0019823C /* ViewController.swift */,
				D8274D8B1A769C6E0019823C /* Main.storyboard */,
				D8274D8E1A769C6E0019823C /* Images.xcassets */,
				D8274D901A769C6E0019823C /* LaunchScreen.xib */,
				D8274D851A769C6E0019823C /* Supporting Files */,
			);
			path = SwiftApp;
			sourceTree = "<group>";
		};
		D8274D851A769C6E0019823C /* Supporting Files */ = {
			isa = PBXGroup;
			children = (
				D8274D861A769C6E0019823C /* Info.plist */,
			);
			name = "Supporting Files";
			sourceTree = "<group>";
		};
		D8274D9A1A769C6E0019823C /* SwiftAppTests */ = {
			isa = PBXGroup;
			children = (
				D8274D9D1A769C6E0019823C /* SwiftAppTests.swift */,
				D8274D9B1A769C6E0019823C /* Supporting Files */,
			);
			path = SwiftAppTests;
			sourceTree = "<group>";
		};
		D8274D9B1A769C6E0019823C /* Supporting Files */ = {
			isa = PBXGroup;
			children = (
				D8274D9C1A769C6E0019823C /* Info.plist */,
			);
			name = "Supporting Files";
			sourceTree = "<group>";
		};
/* End PBXGroup section */

/* Begin PBXNativeTarget section */
		D8274D811A769C6E0019823C /* SwiftApp */ = {
			isa = PBXNativeTarget;
			buildConfigurationList = D8274DA11A769C6E0019823C /* Build configuration list for PBXNativeTarget "SwiftApp" */;
			buildPhases = (
				D8274D7E1A769C6E0019823C /* Sources */,
				D8274D7F1A769C6E0019823C /* Frameworks */,
				D8274D801A769C6E0019823C /* Resources */,
			);
			buildRules = (
			);
			dependencies = (
			);
			name = SwiftApp;
			productName = SwiftApp;
			productReference = D8274D821A769C6E0019823C /* SwiftApp.app */;
			productType = "com.apple.product-type.application";
		};
		D8274D961A769C6E0019823C /* SwiftAppTests */ = {
			isa = PBXNativeTarget;
			buildConfigurationList = D8274DA41A769C6E0019823C /* Build configuration list for PBXNativeTarget "SwiftAppTests" */;
			buildPhases = (
				D8274D931A769C6E0019823C /* Sources */,
				D8274D941A769C6E0019823C /* Frameworks */,
				D8274D951A769C6E0019823C /* Resources */,
			);
			buildRules = (
			);
			dependencies = (
				D8274D991A769C6E0019823C /* PBXTargetDependency */,
			);
			name = SwiftAppTests;
			productName = SwiftAppTests;
			productReference = D8274D971A769C6E0019823C /* SwiftAppTests.xctest */;
			productType = "com.apple.product-type.bundle.unit-test";
		};
/* End PBXNativeTarget section */

/* Begin PBXProject section */
		D8274D7A1A769C6E0019823C /* Project object */ = {
			isa = PBXProject;
			attributes = {
				LastUpgradeCheck = 0610;
				ORGANIZATIONNAME = "Max McChesney";
				TargetAttributes = {
					D8274D811A769C6E0019823C = {
						CreatedOnToolsVersion = 6.1.1;
					};
					D8274D961A769C6E0019823C = {
						CreatedOnToolsVersion = 6.1.1;
						TestTargetID = D8274D811A769C6E0019823C;
					};
				};
			};
			buildConfigurationList = D8274D7D1A769C6E0019823C /* Build configuration list for PBXProject "SwiftApp" */;
			compatibilityVersion = "Xcode 3.2";
			developmentRegion = English;
			hasScannedForEncodings = 0;
			knownRegions = (
				en,
				Base,
			);
			mainGroup = D8274D791A769C6E0019823C;
			productRefGroup = D8274D831A769C6E0019823C /* Products */;
			projectDirPath = "";
			projectRoot = "";
			targets = (
				D8274D811A769C6E0019823C /* SwiftApp */,
				D8274D961A769C6E0019823C /* SwiftAppTests */,
			);
		};
/* End PBXProject section */

/* Begin PBXResourcesBuildPhase section */
		D8274D801A769C6E0019823C /* Resources */ = {
			isa = PBXResourcesBuildPhase;
			buildActionMask = 2147483647;
			files = (
				D8274D8D1A769C6E0019823C /* Main.storyboard in Resources */,
				D8274D921A769C6E0019823C /* LaunchScreen.xib in Resources */,
				D8274D8F1A769C6E0019823C /* Images.xcassets in Resources */,
			);
			runOnlyForDeploymentPostprocessing = 0;
		};
		D8274D951A769C6E0019823C /* Resources */ = {
			isa = PBXResourcesBuildPhase;
			buildActionMask = 2147483647;
			files = (
			);
			runOnlyForDeploymentPostprocessing = 0;
		};
/* End PBXResourcesBuildPhase section */

/* Begin PBXSourcesBuildPhase section */
		D8274D7E1A769C6E0019823C /* Sources */ = {
			isa = PBXSourcesBuildPhase;
			buildActionMask = 2147483647;
			files = (
				D8274D8A1A769C6E0019823C /* ViewController.swift in Sources */,
				D8274D881A769C6E0019823C /* AppDelegate.swift in Sources */,
			);
			runOnlyForDeploymentPostprocessing = 0;
		};
		D8274D931A769C6E0019823C /* Sources */ = {
			isa = PBXSourcesBuildPhase;
			buildActionMask = 2147483647;
			files = (
				D8274D9E1A769C6E0019823C /* SwiftAppTests.swift in Sources */,
			);
			runOnlyForDeploymentPostprocessing = 0;
		};
/* End PBXSourcesBuildPhase section */

/* Begin PBXTargetDependency section */
		D8274D991A769C6E0019823C /* PBXTargetDependency */ = {
			isa = PBXTargetDependency;
			target = D8274D811A769C6E0019823C /* SwiftApp */;
			targetProxy = D8274D981A769C6E0019823C /* PBXContainerItemProxy */;
		};
/* End PBXTargetDependency section */

/* Begin PBXVariantGroup section */
		D8274D8B1A769C6E0019823C /* Main.storyboard */ = {
			isa = PBXVariantGroup;
			children = (
				D8274D8C1A769C6E0019823C /* Base */,
			);
			name = Main.storyboard;
			sourceTree = "<group>";
		};
		D8274D901A769C6E0019823C /* LaunchScreen.xib */ = {
			isa = PBXVariantGroup;
			children = (
				D8274D911A769C6E0019823C /* Base */,
			);
			name = LaunchScreen.xib;
			sourceTree = "<group>";
		};
/* End PBXVariantGroup section */

/* Begin XCBuildConfiguration section */
		D8274D9F1A769C6E0019823C /* Debug */ = {
			isa = XCBuildConfiguration;
			buildSettings = {
				ALWAYS_SEARCH_USER_PATHS = NO;
				CLANG_CXX_LANGUAGE_STANDARD = "gnu++0x";
				CLANG_CXX_LIBRARY = "libc++";
				CLANG_ENABLE_MODULES = YES;
				CLANG_ENABLE_OBJC_ARC = YES;
				CLANG_WARN_BOOL_CONVERSION = YES;
				CLANG_WARN_CONSTANT_CONVERSION = YES;
				CLANG_WARN_DIRECT_OBJC_ISA_USAGE = YES_ERROR;
				CLANG_WARN_EMPTY_BODY = YES;
				CLANG_WARN_ENUM_CONVERSION = YES;
				CLANG_WARN_INT_CONVERSION = YES;
				CLANG_WARN_OBJC_ROOT_CLASS = YES_ERROR;
				CLANG_WARN_UNREACHABLE_CODE = YES;
				CLANG_WARN__DUPLICATE_METHOD_MATCH = YES;
				"CODE_SIGN_IDENTITY[sdk=iphoneos*]" = "iPhone Developer";
				COPY_PHASE_STRIP = NO;
				ENABLE_STRICT_OBJC_MSGSEND = YES;
				GCC_C_LANGUAGE_STANDARD = gnu99;
				GCC_DYNAMIC_NO_PIC = NO;
				GCC_OPTIMIZATION_LEVEL = 0;
				GCC_PREPROCESSOR_DEFINITIONS = (
					"DEBUG=1",
					"$(inherited)",
				);
				GCC_SYMBOLS_PRIVATE_EXTERN = NO;
				GCC_WARN_64_TO_32_BIT_CONVERSION = YES;
				GCC_WARN_ABOUT_RETURN_TYPE = YES_ERROR;
				GCC_WARN_UNDECLARED_SELECTOR = YES;
				GCC_WARN_UNINITIALIZED_AUTOS = YES_AGGRESSIVE;
				GCC_WARN_UNUSED_FUNCTION = YES;
				GCC_WARN_UNUSED_VARIABLE = YES;
				IPHONEOS_DEPLOYMENT_TARGET = 8.1;
				MTL_ENABLE_DEBUG_INFO = YES;
				ONLY_ACTIVE_ARCH = YES;
				SDKROOT = iphoneos;
				SWIFT_OPTIMIZATION_LEVEL = "-Onone";
			};
			name = Debug;
		};
		D8274DA01A769C6E0019823C /* Release */ = {
			isa = XCBuildConfiguration;
			buildSettings = {
				ALWAYS_SEARCH_USER_PATHS = NO;
				CLANG_CXX_LANGUAGE_STANDARD = "gnu++0x";
				CLANG_CXX_LIBRARY = "libc++";
				CLANG_ENABLE_MODULES = YES;
				CLANG_ENABLE_OBJC_ARC = YES;
				CLANG_WARN_BOOL_CONVERSION = YES;
				CLANG_WARN_CONSTANT_CONVERSION = YES;
				CLANG_WARN_DIRECT_OBJC_ISA_USAGE = YES_ERROR;
				CLANG_WARN_EMPTY_BODY = YES;
				CLANG_WARN_ENUM_CONVERSION = YES;
				CLANG_WARN_INT_CONVERSION = YES;
				CLANG_WARN_OBJC_ROOT_CLASS = YES_ERROR;
				CLANG_WARN_UNREACHABLE_CODE = YES;
				CLANG_WARN__DUPLICATE_METHOD_MATCH = YES;
				"CODE_SIGN_IDENTITY[sdk=iphoneos*]" = "iPhone Developer";
				COPY_PHASE_STRIP = YES;
				ENABLE_NS_ASSERTIONS = NO;
				ENABLE_STRICT_OBJC_MSGSEND = YES;
				GCC_C_LANGUAGE_STANDARD = gnu99;
				GCC_WARN_64_TO_32_BIT_CONVERSION = YES;
				GCC_WARN_ABOUT_RETURN_TYPE = YES_ERROR;
				GCC_WARN_UNDECLARED_SELECTOR = YES;
				GCC_WARN_UNINITIALIZED_AUTOS = YES_AGGRESSIVE;
				GCC_WARN_UNUSED_FUNCTION = YES;
				GCC_WARN_UNUSED_VARIABLE = YES;
				IPHONEOS_DEPLOYMENT_TARGET = 8.1;
				MTL_ENABLE_DEBUG_INFO = NO;
				SDKROOT = iphoneos;
				VALIDATE_PRODUCT = YES;
			};
			name = Release;
		};
		D8274DA21A769C6E0019823C /* Debug */ = {
			isa = XCBuildConfiguration;
			buildSettings = {
				ASSETCATALOG_COMPILER_APPICON_NAME = AppIcon;
				INFOPLIST_FILE = SwiftApp/Info.plist;
				LD_RUNPATH_SEARCH_PATHS = "$(inherited) @executable_path/Frameworks";
				PRODUCT_NAME = "$(TARGET_NAME)";
			};
			name = Debug;
		};
		D8274DA31A769C6E0019823C /* Release */ = {
			isa = XCBuildConfiguration;
			buildSettings = {
				ASSETCATALOG_COMPILER_APPICON_NAME = AppIcon;
				INFOPLIST_FILE = SwiftApp/Info.plist;
				LD_RUNPATH_SEARCH_PATHS = "$(inherited) @executable_path/Frameworks";
				PRODUCT_NAME = "$(TARGET_NAME)";
			};
			name = Release;
		};
		D8274DA51A769C6E0019823C /* Debug */ = {
			isa = XCBuildConfiguration;
			buildSettings = {
				BUNDLE_LOADER = "$(TEST_HOST)";
				FRAMEWORK_SEARCH_PATHS = (
					"$(SDKROOT)/Developer/Library/Frameworks",
					"$(inherited)",
				);
				GCC_PREPROCESSOR_DEFINITIONS = (
					"DEBUG=1",
					"$(inherited)",
				);
				INFOPLIST_FILE = SwiftAppTests/Info.plist;
				LD_RUNPATH_SEARCH_PATHS = "$(inherited) @executable_path/Frameworks @loader_path/Frameworks";
				PRODUCT_NAME = "$(TARGET_NAME)";
				TEST_HOST = "$(BUILT_PRODUCTS_DIR)/SwiftApp.app/SwiftApp";
			};
			name = Debug;
		};
		D8274DA61A769C6E0019823C /* Release */ = {
			isa = XCBuildConfiguration;
			buildSettings = {
				BUNDLE_LOADER = "$(TEST_HOST)";
				FRAMEWORK_SEARCH_PATHS = (
					"$(SDKROOT)/Developer/Library/Frameworks",
					"$(inherited)",
				);
				INFOPLIST_FILE = SwiftAppTests/Info.plist;
				LD_RUNPATH_SEARCH_PATHS = "$(inherited) @executable_path/Frameworks @loader_path/Frameworks";
				PRODUCT_NAME = "$(TARGET_NAME)";
				TEST_HOST = "$(BUILT_PRODUCTS_DIR)/SwiftApp.app/SwiftApp";
			};
			name = Release;
		};
/* End XCBuildConfiguration section */

/* Begin XCConfigurationList section */
		D8274D7D1A769C6E0019823C /* Build configuration list for PBXProject "SwiftApp" */ = {
			isa = XCConfigurationList;
			buildConfigurations = (
				D8274D9F1A769C6E0019823C /* Debug */,
				D8274DA01A769C6E0019823C /* Release */,
			);
			defaultConfigurationIsVisible = 0;
			defaultConfigurationName = Release;
		};
		D8274DA11A769C6E0019823C /* Build configuration list for PBXNativeTarget "SwiftApp" */ = {
			isa = XCConfigurationList;
			buildConfigurations = (
				D8274DA21A769C6E0019823C /* Debug */,
				D8274DA31A769C6E0019823C /* Release */,
			);
			defaultConfigurationIsVisible = 0;
		};
		D8274DA41A769C6E0019823C /* Build configuration list for PBXNativeTarget "SwiftAppTests" */ = {
			isa = XCConfigurationList;
			buildConfigurations = (
				D8274DA51A769C6E0019823C /* Debug */,
				D8274DA61A769C6E0019823C /* Release */,
			);
			defaultConfigurationIsVisible = 0;
		};
/* End XCConfigurationList section */
	};
	rootObject = D8274D7A1A769C6E0019823C /* Project object */;
}
