// !$*UTF8*$!
{
	archiveVersion = 1;
	classes = {
	};
	objectVersion = 46;
	objects = {

/* Begin PBXBuildFile section */
		D8274EA71A792E740019823C /* AppDelegate.swift in Sources */ = {isa = PBXBuildFile; fileRef = D8274EA61A792E740019823C /* AppDelegate.swift */; };
		D8274EA91A792E740019823C /* ViewController.swift in Sources */ = {isa = PBXBuildFile; fileRef = D8274EA81A792E740019823C /* ViewController.swift */; };
		D8274EAC1A792E740019823C /* Main.storyboard in Resources */ = {isa = PBXBuildFile; fileRef = D8274EAA1A792E740019823C /* Main.storyboard */; };
		D8274EAE1A792E740019823C /* Images.xcassets in Resources */ = {isa = PBXBuildFile; fileRef = D8274EAD1A792E740019823C /* Images.xcassets */; };
		D8274EB11A792E740019823C /* LaunchScreen.xib in Resources */ = {isa = PBXBuildFile; fileRef = D8274EAF1A792E740019823C /* LaunchScreen.xib */; };
		D8274EBD1A792E740019823C /* BreakTests.swift in Sources */ = {isa = PBXBuildFile; fileRef = D8274EBC1A792E740019823C /* BreakTests.swift */; };
/* End PBXBuildFile section */

/* Begin PBXContainerItemProxy section */
		D8274EB71A792E740019823C /* PBXContainerItemProxy */ = {
			isa = PBXContainerItemProxy;
			containerPortal = D8274E991A792E740019823C /* Project object */;
			proxyType = 1;
			remoteGlobalIDString = D8274EA01A792E740019823C;
			remoteInfo = Break;
		};
/* End PBXContainerItemProxy section */

/* Begin PBXFileReference section */
		D8274EA11A792E740019823C /* Break.app */ = {isa = PBXFileReference; explicitFileType = wrapper.application; includeInIndex = 0; path = Break.app; sourceTree = BUILT_PRODUCTS_DIR; };
		D8274EA51A792E740019823C /* Info.plist */ = {isa = PBXFileReference; lastKnownFileType = text.plist.xml; path = Info.plist; sourceTree = "<group>"; };
		D8274EA61A792E740019823C /* AppDelegate.swift */ = {isa = PBXFileReference; lastKnownFileType = sourcecode.swift; path = AppDelegate.swift; sourceTree = "<group>"; };
		D8274EA81A792E740019823C /* ViewController.swift */ = {isa = PBXFileReference; lastKnownFileType = sourcecode.swift; path = ViewController.swift; sourceTree = "<group>"; };
		D8274EAB1A792E740019823C /* Base */ = {isa = PBXFileReference; lastKnownFileType = file.storyboard; name = Base; path = Base.lproj/Main.storyboard; sourceTree = "<group>"; };
		D8274EAD1A792E740019823C /* Images.xcassets */ = {isa = PBXFileReference; lastKnownFileType = folder.assetcatalog; path = Images.xcassets; sourceTree = "<group>"; };
		D8274EB01A792E740019823C /* Base */ = {isa = PBXFileReference; lastKnownFileType = file.xib; name = Base; path = Base.lproj/LaunchScreen.xib; sourceTree = "<group>"; };
		D8274EB61A792E740019823C /* BreakTests.xctest */ = {isa = PBXFileReference; explicitFileType = wrapper.cfbundle; includeInIndex = 0; path = BreakTests.xctest; sourceTree = BUILT_PRODUCTS_DIR; };
		D8274EBB1A792E740019823C /* Info.plist */ = {isa = PBXFileReference; lastKnownFileType = text.plist.xml; path = Info.plist; sourceTree = "<group>"; };
		D8274EBC1A792E740019823C /* BreakTests.swift */ = {isa = PBXFileReference; lastKnownFileType = sourcecode.swift; path = BreakTests.swift; sourceTree = "<group>"; };
/* End PBXFileReference section */

/* Begin PBXFrameworksBuildPhase section */
		D8274E9E1A792E740019823C /* Frameworks */ = {
			isa = PBXFrameworksBuildPhase;
			buildActionMask = 2147483647;
			files = (
			);
			runOnlyForDeploymentPostprocessing = 0;
		};
		D8274EB31A792E740019823C /* Frameworks */ = {
			isa = PBXFrameworksBuildPhase;
			buildActionMask = 2147483647;
			files = (
			);
			runOnlyForDeploymentPostprocessing = 0;
		};
/* End PBXFrameworksBuildPhase section */

/* Begin PBXGroup section */
		D8274E981A792E740019823C = {
			isa = PBXGroup;
			children = (
				D8274EA31A792E740019823C /* Break */,
				D8274EB91A792E740019823C /* BreakTests */,
				D8274EA21A792E740019823C /* Products */,
			);
			sourceTree = "<group>";
		};
		D8274EA21A792E740019823C /* Products */ = {
			isa = PBXGroup;
			children = (
				D8274EA11A792E740019823C /* Break.app */,
				D8274EB61A792E740019823C /* BreakTests.xctest */,
			);
			name = Products;
			sourceTree = "<group>";
		};
		D8274EA31A792E740019823C /* Break */ = {
			isa = PBXGroup;
			children = (
				D8274EA81A792E740019823C /* ViewController.swift */,
				D8274EAA1A792E740019823C /* Main.storyboard */,
				D8274EA41A792E740019823C /* Supporting Files */,
			);
			path = Break;
			sourceTree = "<group>";
		};
		D8274EA41A792E740019823C /* Supporting Files */ = {
			isa = PBXGroup;
			children = (
				D8274EA61A792E740019823C /* AppDelegate.swift */,
				D8274EAD1A792E740019823C /* Images.xcassets */,
				D8274EAF1A792E740019823C /* LaunchScreen.xib */,
				D8274EA51A792E740019823C /* Info.plist */,
			);
			name = "Supporting Files";
			sourceTree = "<group>";
		};
		D8274EB91A792E740019823C /* BreakTests */ = {
			isa = PBXGroup;
			children = (
				D8274EBC1A792E740019823C /* BreakTests.swift */,
				D8274EBA1A792E740019823C /* Supporting Files */,
			);
			path = BreakTests;
			sourceTree = "<group>";
		};
		D8274EBA1A792E740019823C /* Supporting Files */ = {
			isa = PBXGroup;
			children = (
				D8274EBB1A792E740019823C /* Info.plist */,
			);
			name = "Supporting Files";
			sourceTree = "<group>";
		};
/* End PBXGroup section */

/* Begin PBXNativeTarget section */
		D8274EA01A792E740019823C /* Break */ = {
			isa = PBXNativeTarget;
			buildConfigurationList = D8274EC01A792E740019823C /* Build configuration list for PBXNativeTarget "Break" */;
			buildPhases = (
				D8274E9D1A792E740019823C /* Sources */,
				D8274E9E1A792E740019823C /* Frameworks */,
				D8274E9F1A792E740019823C /* Resources */,
			);
			buildRules = (
			);
			dependencies = (
			);
			name = Break;
			productName = Break;
			productReference = D8274EA11A792E740019823C /* Break.app */;
			productType = "com.apple.product-type.application";
		};
		D8274EB51A792E740019823C /* BreakTests */ = {
			isa = PBXNativeTarget;
			buildConfigurationList = D8274EC31A792E740019823C /* Build configuration list for PBXNativeTarget "BreakTests" */;
			buildPhases = (
				D8274EB21A792E740019823C /* Sources */,
				D8274EB31A792E740019823C /* Frameworks */,
				D8274EB41A792E740019823C /* Resources */,
			);
			buildRules = (
			);
			dependencies = (
				D8274EB81A792E740019823C /* PBXTargetDependency */,
			);
			name = BreakTests;
			productName = BreakTests;
			productReference = D8274EB61A792E740019823C /* BreakTests.xctest */;
			productType = "com.apple.product-type.bundle.unit-test";
		};
/* End PBXNativeTarget section */

/* Begin PBXProject section */
		D8274E991A792E740019823C /* Project object */ = {
			isa = PBXProject;
			attributes = {
				LastUpgradeCheck = 0610;
				ORGANIZATIONNAME = "Max McChesney";
				TargetAttributes = {
					D8274EA01A792E740019823C = {
						CreatedOnToolsVersion = 6.1.1;
					};
					D8274EB51A792E740019823C = {
						CreatedOnToolsVersion = 6.1.1;
						TestTargetID = D8274EA01A792E740019823C;
					};
				};
			};
			buildConfigurationList = D8274E9C1A792E740019823C /* Build configuration list for PBXProject "Break" */;
			compatibilityVersion = "Xcode 3.2";
			developmentRegion = English;
			hasScannedForEncodings = 0;
			knownRegions = (
				en,
				Base,
			);
			mainGroup = D8274E981A792E740019823C;
			productRefGroup = D8274EA21A792E740019823C /* Products */;
			projectDirPath = "";
			projectRoot = "";
			targets = (
				D8274EA01A792E740019823C /* Break */,
				D8274EB51A792E740019823C /* BreakTests */,
			);
		};
/* End PBXProject section */

/* Begin PBXResourcesBuildPhase section */
		D8274E9F1A792E740019823C /* Resources */ = {
			isa = PBXResourcesBuildPhase;
			buildActionMask = 2147483647;
			files = (
				D8274EAC1A792E740019823C /* Main.storyboard in Resources */,
				D8274EB11A792E740019823C /* LaunchScreen.xib in Resources */,
				D8274EAE1A792E740019823C /* Images.xcassets in Resources */,
			);
			runOnlyForDeploymentPostprocessing = 0;
		};
		D8274EB41A792E740019823C /* Resources */ = {
			isa = PBXResourcesBuildPhase;
			buildActionMask = 2147483647;
			files = (
			);
			runOnlyForDeploymentPostprocessing = 0;
		};
/* End PBXResourcesBuildPhase section */

/* Begin PBXSourcesBuildPhase section */
		D8274E9D1A792E740019823C /* Sources */ = {
			isa = PBXSourcesBuildPhase;
			buildActionMask = 2147483647;
			files = (
				D8274EA91A792E740019823C /* ViewController.swift in Sources */,
				D8274EA71A792E740019823C /* AppDelegate.swift in Sources */,
			);
			runOnlyForDeploymentPostprocessing = 0;
		};
		D8274EB21A792E740019823C /* Sources */ = {
			isa = PBXSourcesBuildPhase;
			buildActionMask = 2147483647;
			files = (
				D8274EBD1A792E740019823C /* BreakTests.swift in Sources */,
			);
			runOnlyForDeploymentPostprocessing = 0;
		};
/* End PBXSourcesBuildPhase section */

/* Begin PBXTargetDependency section */
		D8274EB81A792E740019823C /* PBXTargetDependency */ = {
			isa = PBXTargetDependency;
			target = D8274EA01A792E740019823C /* Break */;
			targetProxy = D8274EB71A792E740019823C /* PBXContainerItemProxy */;
		};
/* End PBXTargetDependency section */

/* Begin PBXVariantGroup section */
		D8274EAA1A792E740019823C /* Main.storyboard */ = {
			isa = PBXVariantGroup;
			children = (
				D8274EAB1A792E740019823C /* Base */,
			);
			name = Main.storyboard;
			sourceTree = "<group>";
		};
		D8274EAF1A792E740019823C /* LaunchScreen.xib */ = {
			isa = PBXVariantGroup;
			children = (
				D8274EB01A792E740019823C /* Base */,
			);
			name = LaunchScreen.xib;
			sourceTree = "<group>";
		};
/* End PBXVariantGroup section */

/* Begin XCBuildConfiguration section */
		D8274EBE1A792E740019823C /* Debug */ = {
			isa = XCBuildConfiguration;
			buildSettings = {
				ALWAYS_SEARCH_USER_PATHS = NO;
				CLANG_CXX_LANGUAGE_STANDARD = "gnu++0x";
				CLANG_CXX_LIBRARY = "libc++";
				CLANG_ENABLE_MODULES = YES;
				CLANG_ENABLE_OBJC_ARC = YES;
				CLANG_WARN_BOOL_CONVERSION = YES;
				CLANG_WARN_CONSTANT_CONVERSION = YES;
				CLANG_WARN_DIRECT_OBJC_ISA_USAGE = YES_ERROR;
				CLANG_WARN_EMPTY_BODY = YES;
				CLANG_WARN_ENUM_CONVERSION = YES;
				CLANG_WARN_INT_CONVERSION = YES;
				CLANG_WARN_OBJC_ROOT_CLASS = YES_ERROR;
				CLANG_WARN_UNREACHABLE_CODE = YES;
				CLANG_WARN__DUPLICATE_METHOD_MATCH = YES;
				"CODE_SIGN_IDENTITY[sdk=iphoneos*]" = "iPhone Developer";
				COPY_PHASE_STRIP = NO;
				ENABLE_STRICT_OBJC_MSGSEND = YES;
				GCC_C_LANGUAGE_STANDARD = gnu99;
				GCC_DYNAMIC_NO_PIC = NO;
				GCC_OPTIMIZATION_LEVEL = 0;
				GCC_PREPROCESSOR_DEFINITIONS = (
					"DEBUG=1",
					"$(inherited)",
				);
				GCC_SYMBOLS_PRIVATE_EXTERN = NO;
				GCC_WARN_64_TO_32_BIT_CONVERSION = YES;
				GCC_WARN_ABOUT_RETURN_TYPE = YES_ERROR;
				GCC_WARN_UNDECLARED_SELECTOR = YES;
				GCC_WARN_UNINITIALIZED_AUTOS = YES_AGGRESSIVE;
				GCC_WARN_UNUSED_FUNCTION = YES;
				GCC_WARN_UNUSED_VARIABLE = YES;
				IPHONEOS_DEPLOYMENT_TARGET = 8.1;
				MTL_ENABLE_DEBUG_INFO = YES;
				ONLY_ACTIVE_ARCH = YES;
				SDKROOT = iphoneos;
				SWIFT_OPTIMIZATION_LEVEL = "-Onone";
			};
			name = Debug;
		};
		D8274EBF1A792E740019823C /* Release */ = {
			isa = XCBuildConfiguration;
			buildSettings = {
				ALWAYS_SEARCH_USER_PATHS = NO;
				CLANG_CXX_LANGUAGE_STANDARD = "gnu++0x";
				CLANG_CXX_LIBRARY = "libc++";
				CLANG_ENABLE_MODULES = YES;
				CLANG_ENABLE_OBJC_ARC = YES;
				CLANG_WARN_BOOL_CONVERSION = YES;
				CLANG_WARN_CONSTANT_CONVERSION = YES;
				CLANG_WARN_DIRECT_OBJC_ISA_USAGE = YES_ERROR;
				CLANG_WARN_EMPTY_BODY = YES;
				CLANG_WARN_ENUM_CONVERSION = YES;
				CLANG_WARN_INT_CONVERSION = YES;
				CLANG_WARN_OBJC_ROOT_CLASS = YES_ERROR;
				CLANG_WARN_UNREACHABLE_CODE = YES;
				CLANG_WARN__DUPLICATE_METHOD_MATCH = YES;
				"CODE_SIGN_IDENTITY[sdk=iphoneos*]" = "iPhone Developer";
				COPY_PHASE_STRIP = YES;
				ENABLE_NS_ASSERTIONS = NO;
				ENABLE_STRICT_OBJC_MSGSEND = YES;
				GCC_C_LANGUAGE_STANDARD = gnu99;
				GCC_WARN_64_TO_32_BIT_CONVERSION = YES;
				GCC_WARN_ABOUT_RETURN_TYPE = YES_ERROR;
				GCC_WARN_UNDECLARED_SELECTOR = YES;
				GCC_WARN_UNINITIALIZED_AUTOS = YES_AGGRESSIVE;
				GCC_WARN_UNUSED_FUNCTION = YES;
				GCC_WARN_UNUSED_VARIABLE = YES;
				IPHONEOS_DEPLOYMENT_TARGET = 8.1;
				MTL_ENABLE_DEBUG_INFO = NO;
				SDKROOT = iphoneos;
				VALIDATE_PRODUCT = YES;
			};
			name = Release;
		};
		D8274EC11A792E740019823C /* Debug */ = {
			isa = XCBuildConfiguration;
			buildSettings = {
				ASSETCATALOG_COMPILER_APPICON_NAME = AppIcon;
				INFOPLIST_FILE = Break/Info.plist;
				LD_RUNPATH_SEARCH_PATHS = "$(inherited) @executable_path/Frameworks";
				PRODUCT_NAME = "$(TARGET_NAME)";
			};
			name = Debug;
		};
		D8274EC21A792E740019823C /* Release */ = {
			isa = XCBuildConfiguration;
			buildSettings = {
				ASSETCATALOG_COMPILER_APPICON_NAME = AppIcon;
				INFOPLIST_FILE = Break/Info.plist;
				LD_RUNPATH_SEARCH_PATHS = "$(inherited) @executable_path/Frameworks";
				PRODUCT_NAME = "$(TARGET_NAME)";
			};
			name = Release;
		};
		D8274EC41A792E740019823C /* Debug */ = {
			isa = XCBuildConfiguration;
			buildSettings = {
				BUNDLE_LOADER = "$(TEST_HOST)";
				FRAMEWORK_SEARCH_PATHS = (
					"$(SDKROOT)/Developer/Library/Frameworks",
					"$(inherited)",
				);
				GCC_PREPROCESSOR_DEFINITIONS = (
					"DEBUG=1",
					"$(inherited)",
				);
				INFOPLIST_FILE = BreakTests/Info.plist;
				LD_RUNPATH_SEARCH_PATHS = "$(inherited) @executable_path/Frameworks @loader_path/Frameworks";
				PRODUCT_NAME = "$(TARGET_NAME)";
				TEST_HOST = "$(BUILT_PRODUCTS_DIR)/Break.app/Break";
			};
			name = Debug;
		};
		D8274EC51A792E740019823C /* Release */ = {
			isa = XCBuildConfiguration;
			buildSettings = {
				BUNDLE_LOADER = "$(TEST_HOST)";
				FRAMEWORK_SEARCH_PATHS = (
					"$(SDKROOT)/Developer/Library/Frameworks",
					"$(inherited)",
				);
				INFOPLIST_FILE = BreakTests/Info.plist;
				LD_RUNPATH_SEARCH_PATHS = "$(inherited) @executable_path/Frameworks @loader_path/Frameworks";
				PRODUCT_NAME = "$(TARGET_NAME)";
				TEST_HOST = "$(BUILT_PRODUCTS_DIR)/Break.app/Break";
			};
			name = Release;
		};
/* End XCBuildConfiguration section */

/* Begin XCConfigurationList section */
		D8274E9C1A792E740019823C /* Build configuration list for PBXProject "Break" */ = {
			isa = XCConfigurationList;
			buildConfigurations = (
				D8274EBE1A792E740019823C /* Debug */,
				D8274EBF1A792E740019823C /* Release */,
			);
			defaultConfigurationIsVisible = 0;
			defaultConfigurationName = Release;
		};
		D8274EC01A792E740019823C /* Build configuration list for PBXNativeTarget "Break" */ = {
			isa = XCConfigurationList;
			buildConfigurations = (
				D8274EC11A792E740019823C /* Debug */,
				D8274EC21A792E740019823C /* Release */,
			);
			defaultConfigurationIsVisible = 0;
		};
		D8274EC31A792E740019823C /* Build configuration list for PBXNativeTarget "BreakTests" */ = {
			isa = XCConfigurationList;
			buildConfigurations = (
				D8274EC41A792E740019823C /* Debug */,
				D8274EC51A792E740019823C /* Release */,
			);
			defaultConfigurationIsVisible = 0;
		};
/* End XCConfigurationList section */
	};
	rootObject = D8274E991A792E740019823C /* Project object */;
}
